
Microsoft Visual Studio Solution File, Format Version 12.00
# Visual Studio 2012
Project("{2150E333-8FDC-42A3-9474-1A3956D46DE8}") = "src", "src", "{F7CBFE15-FFEE-407C-8B3D-8C4D7A3F0928}"
EndProject
Project("{2150E333-8FDC-42A3-9474-1A3956D46DE8}") = "test", "test", "{A1DA311E-42FE-4859-8D6C-045963B17A61}"
EndProject
Project("{FAE04EC0-301F-11D3-BF4B-00C04F79EFBC}") = "xunit", "src\xunit\xunit.csproj", "{09EF9917-4B00-4646-8C3F-96EFACC8BF51}"
EndProject
Project("{FAE04EC0-301F-11D3-BF4B-00C04F79EFBC}") = "xunit.console", "src\xunit.console\xunit.console.csproj", "{19C75545-5E0E-4E38-9995-511ED2DF6D30}"
EndProject
Project("{FAE04EC0-301F-11D3-BF4B-00C04F79EFBC}") = "xunit.extensions", "src\xunit.extensions\xunit.extensions.csproj", "{737943C1-4301-47F4-932B-A67BE3788C40}"
EndProject
Project("{FAE04EC0-301F-11D3-BF4B-00C04F79EFBC}") = "xunit.gui", "src\xunit.gui\xunit.gui.csproj", "{380A0890-48E0-405A-9E3F-45A69EEE8E01}"
EndProject
Project("{FAE04EC0-301F-11D3-BF4B-00C04F79EFBC}") = "xunit.runner.msbuild", "src\xunit.runner.msbuild\xunit.runner.msbuild.csproj", "{785D4014-E42E-4E08-922F-3DE40DC7D9A0}"
EndProject
Project("{FAE04EC0-301F-11D3-BF4B-00C04F79EFBC}") = "xunit.runner.tdnet", "src\xunit.runner.tdnet\xunit.runner.tdnet.csproj", "{C9B3978D-DA2C-4F3B-8FC5-1E024EF2F6E8}"
EndProject
Project("{FAE04EC0-301F-11D3-BF4B-00C04F79EFBC}") = "xunit.runner.utility", "src\xunit.runner.utility\xunit.runner.utility.csproj", "{2CE5D729-2E2A-4D36-8161-0F215B1C46AF}"
EndProject
Project("{FAE04EC0-301F-11D3-BF4B-00C04F79EFBC}") = "test.utility", "test\test.utility\test.utility.csproj", "{4FEC8604-E544-43C2-979C-F0815B5770E2}"
EndProject
Project("{FAE04EC0-301F-11D3-BF4B-00C04F79EFBC}") = "test.xunit", "test\test.xunit\test.xunit.csproj", "{C32639C0-50EB-49AB-9681-C3334E5DEAE7}"
EndProject
Project("{FAE04EC0-301F-11D3-BF4B-00C04F79EFBC}") = "test.xunit.console", "test\test.xunit.console\test.xunit.console.csproj", "{7AFFADA0-8F38-4D95-841E-A224B87A0011}"
	ProjectSection(ProjectDependencies) = postProject
		{19C75545-5E0E-4E38-9995-511ED2DF6D30} = {19C75545-5E0E-4E38-9995-511ED2DF6D30}
	EndProjectSection
EndProject
Project("{FAE04EC0-301F-11D3-BF4B-00C04F79EFBC}") = "test.xunit.extensions", "test\test.xunit.extensions\test.xunit.extensions.csproj", "{C0024D99-7260-475B-967A-A1CC894F3C19}"
EndProject
Project("{FAE04EC0-301F-11D3-BF4B-00C04F79EFBC}") = "test.xunit.gui", "test\test.xunit.gui\test.xunit.gui.csproj", "{8AD1BDD9-FC14-4854-A592-D2F113B9E2D4}"
EndProject
Project("{FAE04EC0-301F-11D3-BF4B-00C04F79EFBC}") = "test.xunit.runner.msbuild", "test\test.xunit.runner.msbuild\test.xunit.runner.msbuild.csproj", "{891BAE8F-78BB-4BA9-AF2F-0D61234969D4}"
EndProject
Project("{FAE04EC0-301F-11D3-BF4B-00C04F79EFBC}") = "test.xunit.runner.tdnet", "test\test.xunit.runner.tdnet\test.xunit.runner.tdnet.csproj", "{DCA5C113-49A6-415E-B014-A53A8E41CBE4}"
EndProject
Project("{FAE04EC0-301F-11D3-BF4B-00C04F79EFBC}") = "test.xunit.runner.utility", "test\test.xunit.runner.utility\test.xunit.runner.utility.csproj", "{BF9A60D8-F67E-4D30-AAB0-F1C9DEDF693F}"
EndProject
Project("{FAE04EC0-301F-11D3-BF4B-00C04F79EFBC}") = "xunit.runner.visualstudio", "src\xunit.runner.visualstudio\xunit.runner.visualstudio.csproj", "{924678EB-03AF-4513-827F-8D311CAFDAD7}"
EndProject
Project("{FAE04EC0-301F-11D3-BF4B-00C04F79EFBC}") = "xunit.abstractions", "src\xunit.abstractions\xunit.abstractions.csproj", "{53012549-D81B-4E40-B626-67C19265AA6F}"
EndProject
Global
	GlobalSection(SolutionConfigurationPlatforms) = preSolution
		Debug|Any CPU = Debug|Any CPU
		Release|Any CPU = Release|Any CPU
	EndGlobalSection
	GlobalSection(ProjectConfigurationPlatforms) = postSolution
		{09EF9917-4B00-4646-8C3F-96EFACC8BF51}.Debug|Any CPU.ActiveCfg = Debug|Any CPU
		{09EF9917-4B00-4646-8C3F-96EFACC8BF51}.Debug|Any CPU.Build.0 = Debug|Any CPU
		{09EF9917-4B00-4646-8C3F-96EFACC8BF51}.Release|Any CPU.ActiveCfg = Release|Any CPU
		{09EF9917-4B00-4646-8C3F-96EFACC8BF51}.Release|Any CPU.Build.0 = Release|Any CPU
		{19C75545-5E0E-4E38-9995-511ED2DF6D30}.Debug|Any CPU.ActiveCfg = Debug|Any CPU
		{19C75545-5E0E-4E38-9995-511ED2DF6D30}.Debug|Any CPU.Build.0 = Debug|Any CPU
		{19C75545-5E0E-4E38-9995-511ED2DF6D30}.Release|Any CPU.ActiveCfg = Release|Any CPU
		{19C75545-5E0E-4E38-9995-511ED2DF6D30}.Release|Any CPU.Build.0 = Release|Any CPU
		{737943C1-4301-47F4-932B-A67BE3788C40}.Debug|Any CPU.ActiveCfg = Debug|Any CPU
		{737943C1-4301-47F4-932B-A67BE3788C40}.Debug|Any CPU.Build.0 = Debug|Any CPU
		{737943C1-4301-47F4-932B-A67BE3788C40}.Release|Any CPU.ActiveCfg = Release|Any CPU
		{737943C1-4301-47F4-932B-A67BE3788C40}.Release|Any CPU.Build.0 = Release|Any CPU
		{380A0890-48E0-405A-9E3F-45A69EEE8E01}.Debug|Any CPU.ActiveCfg = Debug|Any CPU
		{380A0890-48E0-405A-9E3F-45A69EEE8E01}.Debug|Any CPU.Build.0 = Debug|Any CPU
		{380A0890-48E0-405A-9E3F-45A69EEE8E01}.Release|Any CPU.ActiveCfg = Release|Any CPU
		{380A0890-48E0-405A-9E3F-45A69EEE8E01}.Release|Any CPU.Build.0 = Release|Any CPU
		{785D4014-E42E-4E08-922F-3DE40DC7D9A0}.Debug|Any CPU.ActiveCfg = Debug|Any CPU
		{785D4014-E42E-4E08-922F-3DE40DC7D9A0}.Debug|Any CPU.Build.0 = Debug|Any CPU
		{785D4014-E42E-4E08-922F-3DE40DC7D9A0}.Release|Any CPU.ActiveCfg = Release|Any CPU
		{785D4014-E42E-4E08-922F-3DE40DC7D9A0}.Release|Any CPU.Build.0 = Release|Any CPU
		{C9B3978D-DA2C-4F3B-8FC5-1E024EF2F6E8}.Debug|Any CPU.ActiveCfg = Debug|Any CPU
		{C9B3978D-DA2C-4F3B-8FC5-1E024EF2F6E8}.Debug|Any CPU.Build.0 = Debug|Any CPU
		{C9B3978D-DA2C-4F3B-8FC5-1E024EF2F6E8}.Release|Any CPU.ActiveCfg = Release|Any CPU
		{C9B3978D-DA2C-4F3B-8FC5-1E024EF2F6E8}.Release|Any CPU.Build.0 = Release|Any CPU
		{2CE5D729-2E2A-4D36-8161-0F215B1C46AF}.Debug|Any CPU.ActiveCfg = Debug|Any CPU
		{2CE5D729-2E2A-4D36-8161-0F215B1C46AF}.Debug|Any CPU.Build.0 = Debug|Any CPU
		{2CE5D729-2E2A-4D36-8161-0F215B1C46AF}.Release|Any CPU.ActiveCfg = Release|Any CPU
		{2CE5D729-2E2A-4D36-8161-0F215B1C46AF}.Release|Any CPU.Build.0 = Release|Any CPU
		{4FEC8604-E544-43C2-979C-F0815B5770E2}.Debug|Any CPU.ActiveCfg = Debug|Any CPU
		{4FEC8604-E544-43C2-979C-F0815B5770E2}.Debug|Any CPU.Build.0 = Debug|Any CPU
		{4FEC8604-E544-43C2-979C-F0815B5770E2}.Release|Any CPU.ActiveCfg = Release|Any CPU
		{4FEC8604-E544-43C2-979C-F0815B5770E2}.Release|Any CPU.Build.0 = Release|Any CPU
		{C32639C0-50EB-49AB-9681-C3334E5DEAE7}.Debug|Any CPU.ActiveCfg = Debug|Any CPU
		{C32639C0-50EB-49AB-9681-C3334E5DEAE7}.Debug|Any CPU.Build.0 = Debug|Any CPU
		{C32639C0-50EB-49AB-9681-C3334E5DEAE7}.Release|Any CPU.ActiveCfg = Release|Any CPU
		{C32639C0-50EB-49AB-9681-C3334E5DEAE7}.Release|Any CPU.Build.0 = Release|Any CPU
		{7AFFADA0-8F38-4D95-841E-A224B87A0011}.Debug|Any CPU.ActiveCfg = Debug|Any CPU
		{7AFFADA0-8F38-4D95-841E-A224B87A0011}.Debug|Any CPU.Build.0 = Debug|Any CPU
		{7AFFADA0-8F38-4D95-841E-A224B87A0011}.Release|Any CPU.ActiveCfg = Release|Any CPU
		{7AFFADA0-8F38-4D95-841E-A224B87A0011}.Release|Any CPU.Build.0 = Release|Any CPU
		{C0024D99-7260-475B-967A-A1CC894F3C19}.Debug|Any CPU.ActiveCfg = Debug|Any CPU
		{C0024D99-7260-475B-967A-A1CC894F3C19}.Debug|Any CPU.Build.0 = Debug|Any CPU
		{C0024D99-7260-475B-967A-A1CC894F3C19}.Release|Any CPU.ActiveCfg = Release|Any CPU
		{C0024D99-7260-475B-967A-A1CC894F3C19}.Release|Any CPU.Build.0 = Release|Any CPU
		{8AD1BDD9-FC14-4854-A592-D2F113B9E2D4}.Debug|Any CPU.ActiveCfg = Debug|Any CPU
		{8AD1BDD9-FC14-4854-A592-D2F113B9E2D4}.Debug|Any CPU.Build.0 = Debug|Any CPU
		{8AD1BDD9-FC14-4854-A592-D2F113B9E2D4}.Release|Any CPU.ActiveCfg = Release|Any CPU
		{8AD1BDD9-FC14-4854-A592-D2F113B9E2D4}.Release|Any CPU.Build.0 = Release|Any CPU
		{891BAE8F-78BB-4BA9-AF2F-0D61234969D4}.Debug|Any CPU.ActiveCfg = Debug|Any CPU
		{891BAE8F-78BB-4BA9-AF2F-0D61234969D4}.Debug|Any CPU.Build.0 = Debug|Any CPU
		{891BAE8F-78BB-4BA9-AF2F-0D61234969D4}.Release|Any CPU.ActiveCfg = Release|Any CPU
		{891BAE8F-78BB-4BA9-AF2F-0D61234969D4}.Release|Any CPU.Build.0 = Release|Any CPU
		{DCA5C113-49A6-415E-B014-A53A8E41CBE4}.Debug|Any CPU.ActiveCfg = Debug|Any CPU
		{DCA5C113-49A6-415E-B014-A53A8E41CBE4}.Debug|Any CPU.Build.0 = Debug|Any CPU
		{DCA5C113-49A6-415E-B014-A53A8E41CBE4}.Release|Any CPU.ActiveCfg = Release|Any CPU
		{DCA5C113-49A6-415E-B014-A53A8E41CBE4}.Release|Any CPU.Build.0 = Release|Any CPU
		{BF9A60D8-F67E-4D30-AAB0-F1C9DEDF693F}.Debug|Any CPU.ActiveCfg = Debug|Any CPU
		{BF9A60D8-F67E-4D30-AAB0-F1C9DEDF693F}.Debug|Any CPU.Build.0 = Debug|Any CPU
		{BF9A60D8-F67E-4D30-AAB0-F1C9DEDF693F}.Release|Any CPU.ActiveCfg = Release|Any CPU
		{BF9A60D8-F67E-4D30-AAB0-F1C9DEDF693F}.Release|Any CPU.Build.0 = Release|Any CPU
		{924678EB-03AF-4513-827F-8D311CAFDAD7}.Debug|Any CPU.ActiveCfg = Debug|Any CPU
		{924678EB-03AF-4513-827F-8D311CAFDAD7}.Debug|Any CPU.Build.0 = Debug|Any CPU
		{924678EB-03AF-4513-827F-8D311CAFDAD7}.Release|Any CPU.ActiveCfg = Release|Any CPU
		{924678EB-03AF-4513-827F-8D311CAFDAD7}.Release|Any CPU.Build.0 = Release|Any CPU
		{53012549-D81B-4E40-B626-67C19265AA6F}.Debug|Any CPU.ActiveCfg = Debug|Any CPU
		{53012549-D81B-4E40-B626-67C19265AA6F}.Debug|Any CPU.Build.0 = Debug|Any CPU
		{53012549-D81B-4E40-B626-67C19265AA6F}.Release|Any CPU.ActiveCfg = Release|Any CPU
		{53012549-D81B-4E40-B626-67C19265AA6F}.Release|Any CPU.Build.0 = Release|Any CPU
	EndGlobalSection
	GlobalSection(SolutionProperties) = preSolution
		HideSolutionNode = FALSE
	EndGlobalSection
	GlobalSection(NestedProjects) = preSolution
		{09EF9917-4B00-4646-8C3F-96EFACC8BF51} = {F7CBFE15-FFEE-407C-8B3D-8C4D7A3F0928}
		{19C75545-5E0E-4E38-9995-511ED2DF6D30} = {F7CBFE15-FFEE-407C-8B3D-8C4D7A3F0928}
		{737943C1-4301-47F4-932B-A67BE3788C40} = {F7CBFE15-FFEE-407C-8B3D-8C4D7A3F0928}
		{380A0890-48E0-405A-9E3F-45A69EEE8E01} = {F7CBFE15-FFEE-407C-8B3D-8C4D7A3F0928}
		{785D4014-E42E-4E08-922F-3DE40DC7D9A0} = {F7CBFE15-FFEE-407C-8B3D-8C4D7A3F0928}
		{C9B3978D-DA2C-4F3B-8FC5-1E024EF2F6E8} = {F7CBFE15-FFEE-407C-8B3D-8C4D7A3F0928}
		{2CE5D729-2E2A-4D36-8161-0F215B1C46AF} = {F7CBFE15-FFEE-407C-8B3D-8C4D7A3F0928}
		{924678EB-03AF-4513-827F-8D311CAFDAD7} = {F7CBFE15-FFEE-407C-8B3D-8C4D7A3F0928}
		{53012549-D81B-4E40-B626-67C19265AA6F} = {F7CBFE15-FFEE-407C-8B3D-8C4D7A3F0928}
		{4FEC8604-E544-43C2-979C-F0815B5770E2} = {A1DA311E-42FE-4859-8D6C-045963B17A61}
		{C32639C0-50EB-49AB-9681-C3334E5DEAE7} = {A1DA311E-42FE-4859-8D6C-045963B17A61}
		{7AFFADA0-8F38-4D95-841E-A224B87A0011} = {A1DA311E-42FE-4859-8D6C-045963B17A61}
		{C0024D99-7260-475B-967A-A1CC894F3C19} = {A1DA311E-42FE-4859-8D6C-045963B17A61}
		{8AD1BDD9-FC14-4854-A592-D2F113B9E2D4} = {A1DA311E-42FE-4859-8D6C-045963B17A61}
		{891BAE8F-78BB-4BA9-AF2F-0D61234969D4} = {A1DA311E-42FE-4859-8D6C-045963B17A61}
		{DCA5C113-49A6-415E-B014-A53A8E41CBE4} = {A1DA311E-42FE-4859-8D6C-045963B17A61}
		{BF9A60D8-F67E-4D30-AAB0-F1C9DEDF693F} = {A1DA311E-42FE-4859-8D6C-045963B17A61}
	EndGlobalSection
EndGlobal
