
Microsoft Visual Studio Solution File, Format Version 12.00
# Visual Studio 2012
Project("{2150E333-8FDC-42A3-9474-1A3956D46DE8}") = "src", "src", "{DAED8494-AC8A-4C67-A8F1-616D95ECC302}"
EndProject
Project("{2150E333-8FDC-42A3-9474-1A3956D46DE8}") = "test", "test", "{D013AD79-A261-4476-93FC-9AF7E637CDB6}"
EndProject
Project("{FAE04EC0-301F-11D3-BF4B-00C04F79EFBC}") = "xunit.abstractions", "src2\xunit.abstractions\xunit.abstractions.csproj", "{53012549-D81B-4E40-B626-67C19265AA6F}"
EndProject
Project("{FAE04EC0-301F-11D3-BF4B-00C04F79EFBC}") = "xunit2", "src2\xunit2\xunit2.csproj", "{09EF9917-4B00-4646-8C3F-96EFACC8BF51}"
EndProject
Project("{FAE04EC0-301F-11D3-BF4B-00C04F79EFBC}") = "test.utility", "test2\test.utility\test.utility.csproj", "{4FEC8604-E544-43C2-979C-F0815B5770E2}"
EndProject
Project("{FAE04EC0-301F-11D3-BF4B-00C04F79EFBC}") = "test.xunit2", "test2\test.xunit2\test.xunit2.csproj", "{C32639C0-50EB-49AB-9681-C3334E5DEAE7}"
EndProject
Project("{FAE04EC0-301F-11D3-BF4B-00C04F79EFBC}") = "xunit.runner.utility", "src2\xunit.runner.utility\xunit.runner.utility.csproj", "{EFC3F529-3686-416B-9C67-36EC914C776A}"
EndProject
Project("{FAE04EC0-301F-11D3-BF4B-00C04F79EFBC}") = "test.xunit.runner.utility", "test2\test.xunit.runner.utility\test.xunit.runner.utility.csproj", "{8CFA4522-D8B4-4BE9-A01A-A7F7124B5FCC}"
EndProject
Project("{FAE04EC0-301F-11D3-BF4B-00C04F79EFBC}") = "xunit.runner.tdnet", "src2\xunit.runner.tdnet\xunit.runner.tdnet.csproj", "{C9B3978D-DA2C-4F3B-8FC5-1E024EF2F6E8}"
EndProject
Project("{FAE04EC0-301F-11D3-BF4B-00C04F79EFBC}") = "test.xunit.runner.tdnet", "test2\test.xunit.runner.tdnet\test.xunit.runner.tdnet.csproj", "{5DE631D1-860E-40CB-89D4-75D0F7F7D941}"
EndProject
Project("{FAE04EC0-301F-11D3-BF4B-00C04F79EFBC}") = "test.xunit.abstractions", "test2\test.xunit.abstractions\test.xunit.abstractions.csproj", "{ED6810B4-7745-4FD4-86D3-ABCB2D1CB2AB}"
EndProject
Project("{FAE04EC0-301F-11D3-BF4B-00C04F79EFBC}") = "xunit.runner.msbuild", "src2\xunit.runner.msbuild\xunit.runner.msbuild.csproj", "{785D4014-E42E-4E08-922F-3DE40DC7D9A0}"
EndProject
Project("{FAE04EC0-301F-11D3-BF4B-00C04F79EFBC}") = "test.xunit.runner.msbuild", "test2\test.xunit.runner.msbuild\test.xunit.runner.msbuild.csproj", "{E1A71E21-6AC8-40FF-A034-9963E890AB70}"
EndProject
Project("{FAE04EC0-301F-11D3-BF4B-00C04F79EFBC}") = "xunit.console", "src2\xunit.console\xunit.console.csproj", "{19C75545-5E0E-4E38-9995-511ED2DF6D30}"
EndProject
Project("{FAE04EC0-301F-11D3-BF4B-00C04F79EFBC}") = "xunit.runner.visualstudio", "src2\xunit.runner.visualstudio\xunit.runner.visualstudio.csproj", "{924678EB-03AF-4513-827F-8D311CAFDAD7}"
EndProject
Global
	GlobalSection(SolutionConfigurationPlatforms) = preSolution
		Debug|Any CPU = Debug|Any CPU
		Release|Any CPU = Release|Any CPU
	EndGlobalSection
	GlobalSection(ProjectConfigurationPlatforms) = postSolution
		{53012549-D81B-4E40-B626-67C19265AA6F}.Debug|Any CPU.ActiveCfg = Debug|Any CPU
		{53012549-D81B-4E40-B626-67C19265AA6F}.Debug|Any CPU.Build.0 = Debug|Any CPU
		{53012549-D81B-4E40-B626-67C19265AA6F}.Release|Any CPU.ActiveCfg = Release|Any CPU
		{53012549-D81B-4E40-B626-67C19265AA6F}.Release|Any CPU.Build.0 = Release|Any CPU
		{09EF9917-4B00-4646-8C3F-96EFACC8BF51}.Debug|Any CPU.ActiveCfg = Debug|Any CPU
		{09EF9917-4B00-4646-8C3F-96EFACC8BF51}.Debug|Any CPU.Build.0 = Debug|Any CPU
		{09EF9917-4B00-4646-8C3F-96EFACC8BF51}.Release|Any CPU.ActiveCfg = Release|Any CPU
		{09EF9917-4B00-4646-8C3F-96EFACC8BF51}.Release|Any CPU.Build.0 = Release|Any CPU
		{4FEC8604-E544-43C2-979C-F0815B5770E2}.Debug|Any CPU.ActiveCfg = Debug|Any CPU
		{4FEC8604-E544-43C2-979C-F0815B5770E2}.Debug|Any CPU.Build.0 = Debug|Any CPU
		{4FEC8604-E544-43C2-979C-F0815B5770E2}.Release|Any CPU.ActiveCfg = Release|Any CPU
		{4FEC8604-E544-43C2-979C-F0815B5770E2}.Release|Any CPU.Build.0 = Release|Any CPU
		{C32639C0-50EB-49AB-9681-C3334E5DEAE7}.Debug|Any CPU.ActiveCfg = Debug|Any CPU
		{C32639C0-50EB-49AB-9681-C3334E5DEAE7}.Debug|Any CPU.Build.0 = Debug|Any CPU
		{C32639C0-50EB-49AB-9681-C3334E5DEAE7}.Release|Any CPU.ActiveCfg = Release|Any CPU
		{C32639C0-50EB-49AB-9681-C3334E5DEAE7}.Release|Any CPU.Build.0 = Release|Any CPU
		{EFC3F529-3686-416B-9C67-36EC914C776A}.Debug|Any CPU.ActiveCfg = Debug|Any CPU
		{EFC3F529-3686-416B-9C67-36EC914C776A}.Debug|Any CPU.Build.0 = Debug|Any CPU
		{EFC3F529-3686-416B-9C67-36EC914C776A}.Release|Any CPU.ActiveCfg = Release|Any CPU
		{EFC3F529-3686-416B-9C67-36EC914C776A}.Release|Any CPU.Build.0 = Release|Any CPU
		{8CFA4522-D8B4-4BE9-A01A-A7F7124B5FCC}.Debug|Any CPU.ActiveCfg = Debug|Any CPU
		{8CFA4522-D8B4-4BE9-A01A-A7F7124B5FCC}.Debug|Any CPU.Build.0 = Debug|Any CPU
		{8CFA4522-D8B4-4BE9-A01A-A7F7124B5FCC}.Release|Any CPU.ActiveCfg = Release|Any CPU
		{8CFA4522-D8B4-4BE9-A01A-A7F7124B5FCC}.Release|Any CPU.Build.0 = Release|Any CPU
		{C9B3978D-DA2C-4F3B-8FC5-1E024EF2F6E8}.Debug|Any CPU.ActiveCfg = Debug|Any CPU
		{C9B3978D-DA2C-4F3B-8FC5-1E024EF2F6E8}.Debug|Any CPU.Build.0 = Debug|Any CPU
		{C9B3978D-DA2C-4F3B-8FC5-1E024EF2F6E8}.Release|Any CPU.ActiveCfg = Release|Any CPU
		{C9B3978D-DA2C-4F3B-8FC5-1E024EF2F6E8}.Release|Any CPU.Build.0 = Release|Any CPU
		{5DE631D1-860E-40CB-89D4-75D0F7F7D941}.Debug|Any CPU.ActiveCfg = Debug|Any CPU
		{5DE631D1-860E-40CB-89D4-75D0F7F7D941}.Debug|Any CPU.Build.0 = Debug|Any CPU
		{5DE631D1-860E-40CB-89D4-75D0F7F7D941}.Release|Any CPU.ActiveCfg = Release|Any CPU
		{5DE631D1-860E-40CB-89D4-75D0F7F7D941}.Release|Any CPU.Build.0 = Release|Any CPU
		{ED6810B4-7745-4FD4-86D3-ABCB2D1CB2AB}.Debug|Any CPU.ActiveCfg = Debug|Any CPU
		{ED6810B4-7745-4FD4-86D3-ABCB2D1CB2AB}.Debug|Any CPU.Build.0 = Debug|Any CPU
		{ED6810B4-7745-4FD4-86D3-ABCB2D1CB2AB}.Release|Any CPU.ActiveCfg = Release|Any CPU
		{ED6810B4-7745-4FD4-86D3-ABCB2D1CB2AB}.Release|Any CPU.Build.0 = Release|Any CPU
		{785D4014-E42E-4E08-922F-3DE40DC7D9A0}.Debug|Any CPU.ActiveCfg = Debug|Any CPU
		{785D4014-E42E-4E08-922F-3DE40DC7D9A0}.Debug|Any CPU.Build.0 = Debug|Any CPU
		{785D4014-E42E-4E08-922F-3DE40DC7D9A0}.Release|Any CPU.ActiveCfg = Release|Any CPU
		{785D4014-E42E-4E08-922F-3DE40DC7D9A0}.Release|Any CPU.Build.0 = Release|Any CPU
		{E1A71E21-6AC8-40FF-A034-9963E890AB70}.Debug|Any CPU.ActiveCfg = Debug|Any CPU
		{E1A71E21-6AC8-40FF-A034-9963E890AB70}.Debug|Any CPU.Build.0 = Debug|Any CPU
		{E1A71E21-6AC8-40FF-A034-9963E890AB70}.Release|Any CPU.ActiveCfg = Release|Any CPU
		{E1A71E21-6AC8-40FF-A034-9963E890AB70}.Release|Any CPU.Build.0 = Release|Any CPU
		{19C75545-5E0E-4E38-9995-511ED2DF6D30}.Debug|Any CPU.ActiveCfg = Debug|Any CPU
		{19C75545-5E0E-4E38-9995-511ED2DF6D30}.Debug|Any CPU.Build.0 = Debug|Any CPU
		{19C75545-5E0E-4E38-9995-511ED2DF6D30}.Release|Any CPU.ActiveCfg = Release|Any CPU
		{19C75545-5E0E-4E38-9995-511ED2DF6D30}.Release|Any CPU.Build.0 = Release|Any CPU
		{924678EB-03AF-4513-827F-8D311CAFDAD7}.Debug|Any CPU.ActiveCfg = Debug|Any CPU
		{924678EB-03AF-4513-827F-8D311CAFDAD7}.Debug|Any CPU.Build.0 = Debug|Any CPU
		{924678EB-03AF-4513-827F-8D311CAFDAD7}.Release|Any CPU.ActiveCfg = Release|Any CPU
		{924678EB-03AF-4513-827F-8D311CAFDAD7}.Release|Any CPU.Build.0 = Release|Any CPU
	EndGlobalSection
	GlobalSection(SolutionProperties) = preSolution
		HideSolutionNode = FALSE
	EndGlobalSection
	GlobalSection(NestedProjects) = preSolution
		{53012549-D81B-4E40-B626-67C19265AA6F} = {DAED8494-AC8A-4C67-A8F1-616D95ECC302}
		{09EF9917-4B00-4646-8C3F-96EFACC8BF51} = {DAED8494-AC8A-4C67-A8F1-616D95ECC302}
		{EFC3F529-3686-416B-9C67-36EC914C776A} = {DAED8494-AC8A-4C67-A8F1-616D95ECC302}
		{C9B3978D-DA2C-4F3B-8FC5-1E024EF2F6E8} = {DAED8494-AC8A-4C67-A8F1-616D95ECC302}
		{785D4014-E42E-4E08-922F-3DE40DC7D9A0} = {DAED8494-AC8A-4C67-A8F1-616D95ECC302}
		{19C75545-5E0E-4E38-9995-511ED2DF6D30} = {DAED8494-AC8A-4C67-A8F1-616D95ECC302}
		{924678EB-03AF-4513-827F-8D311CAFDAD7} = {DAED8494-AC8A-4C67-A8F1-616D95ECC302}
		{4FEC8604-E544-43C2-979C-F0815B5770E2} = {D013AD79-A261-4476-93FC-9AF7E637CDB6}
		{C32639C0-50EB-49AB-9681-C3334E5DEAE7} = {D013AD79-A261-4476-93FC-9AF7E637CDB6}
		{8CFA4522-D8B4-4BE9-A01A-A7F7124B5FCC} = {D013AD79-A261-4476-93FC-9AF7E637CDB6}
		{5DE631D1-860E-40CB-89D4-75D0F7F7D941} = {D013AD79-A261-4476-93FC-9AF7E637CDB6}
		{ED6810B4-7745-4FD4-86D3-ABCB2D1CB2AB} = {D013AD79-A261-4476-93FC-9AF7E637CDB6}
		{E1A71E21-6AC8-40FF-A034-9963E890AB70} = {D013AD79-A261-4476-93FC-9AF7E637CDB6}
	EndGlobalSection
EndGlobal
