
Microsoft Visual Studio Solution File, Format Version 12.00
# Visual Studio 15
VisualStudioVersion = 15.0.26124.0
MinimumVisualStudioVersion = 15.0.26124.0
Project("{2150E333-8FDC-42A3-9474-1A3956D46DE8}") = "src", "src", "{DD6C7641-EDB5-445C-8563-15068910979E}"
EndProject
Project("{FAE04EC0-301F-11D3-BF4B-00C04F79EFBC}") = "xunit.v3.assert", "src\xunit.v3.assert\xunit.v3.assert.csproj", "{151947F7-DB4A-408B-A42A-F66A7D7F5DFB}"
EndProject
Global
	GlobalSection(SolutionConfigurationPlatforms) = preSolution
		Debug|Any CPU = Debug|Any CPU
		Release|Any CPU = Release|Any CPU
	EndGlobalSection
	GlobalSection(SolutionProperties) = preSolution
		HideSolutionNode = FALSE
	EndGlobalSection
	GlobalSection(ProjectConfigurationPlatforms) = postSolution
		{151947F7-DB4A-408B-A42A-F66A7D7F5DFB}.Debug|Any CPU.ActiveCfg = Debug|Any CPU
		{151947F7-DB4A-408B-A42A-F66A7D7F5DFB}.Debug|Any CPU.Build.0 = Debug|Any CPU
		{151947F7-DB4A-408B-A42A-F66A7D7F5DFB}.Release|Any CPU.ActiveCfg = Release|Any CPU
		{151947F7-DB4A-408B-A42A-F66A7D7F5DFB}.Release|Any CPU.Build.0 = Release|Any CPU
	EndGlobalSection
	GlobalSection(NestedProjects) = preSolution
		{151947F7-DB4A-408B-A42A-F66A7D7F5DFB} = {DD6C7641-EDB5-445C-8563-15068910979E}
	EndGlobalSection
EndGlobal
