{
  "version": 1,
  "dependencies": {
    ".NETFramework,Version=v4.7.2": {
      "Microsoft.NETFramework.ReferenceAssemblies": {
        "type": "Direct",
        "requested": "[1.0.3, )",
        "resolved": "1.0.3",
        "contentHash": "vUc9Npcs14QsyOD01tnv/m8sQUnGTGOw1BCmKcv77LBJY7OxhJ+zJF7UD/sCL3lYNFuqmQEVlkfS4Quif6FyYg==",
        "dependencies": {
          "Microsoft.NETFramework.ReferenceAssemblies.net472": "1.0.3"
        }
      },
      "Microsoft.Testing.Platform.MSBuild": {
        "type": "Direct",
        "requested": "[2.3.3, 3.0.0)",
        "resolved": "2.3.3",
        "contentHash": "iVAvNbZ5JPDZSrTcIrCDoCsAkzjDxwDEt2mDuMd8ng1P6e2P2NCd0g0BsoBVG+nJLSmK//V+yeEvjCa3E2fxHw==",
        "dependencies": {
          "Microsoft.Testing.Platform": "2.3.3"
        }
      },
      "Nerdbank.GitVersioning": {
        "type": "Direct",
        "requested": "[3.10.91, )",
        "resolved": "3.10.91",
        "contentHash": "9MtEXm/um2lQAEoek1EkF4CXNH4JuXxv2jV3Ew2XlzP0LXxFaFiECS7ji8zf1ZaMnPGYbbom+Nm6y4ADc5HNHQ=="
      },
      "TunnelVisionLabs.ReferenceAssemblyAnnotator": {
        "type": "Direct",
        "requested": "[1.0.0-alpha.160, )",
        "resolved": "1.0.0-alpha.160",
        "contentHash": "ktxB8PGoPpIaYKjLk/+P94Fi2Qw2E1Dw7atBQRrKnHA57sk8WwmkI4RJmg6s5ph4k1RIaaAZMus05ah/AikEkA=="
      },
      "xunit.analyzers": {
        "type": "Direct",
        "requested": "[2.0.0, )",
        "resolved": "2.0.0",
        "contentHash": "2UtauxWDa9C6bT7MvFfZkNoFulfflb00jnDU2xeVO9Y58l4Ah2Mv/HiMs4b0zdpK/SfAxpajkgKNMN8zBKa+7Q=="
      },
      "Microsoft.ApplicationInsights": {
        "type": "Transitive",
        "resolved": "2.23.0",
        "contentHash": "nWArUZTdU7iqZLycLKWe0TDms48KKGE6pONH2terYNa8REXiqixrMOkf1sk5DHGMaUTqONU2YkS4SAXBhLStgw==",
        "dependencies": {
          "System.Diagnostics.DiagnosticSource": "5.0.0"
        }
      },
      "Microsoft.Bcl.AsyncInterfaces": {
        "type": "Transitive",
        "resolved": "6.0.0",
        "contentHash": "UcSjPsst+DfAdJGVDsu346FX0ci0ah+lw3WRtn18NUwEqRt70HaOQ7lI72vy3+1LxtqI3T5GWwV39rQSrCzAeg==",
        "dependencies": {
          "System.Threading.Tasks.Extensions": "4.5.4"
        }
      },
      "Microsoft.NETFramework.ReferenceAssemblies.net472": {
        "type": "Transitive",
        "resolved": "1.0.3",
        "contentHash": "0E7evZXHXaDYYiLRfpyXvCh+yzM2rNTyuZDI+ZO7UUqSc6GfjePiXTdqJGtgIKUwdI81tzQKmaWprnUiPj9hAw=="
      },
      "Microsoft.Testing.Extensions.Telemetry": {
        "type": "Transitive",
        "resolved": "2.3.3",
        "contentHash": "nY8ceQyPWB9TRE1WE5Oe/sks2e10SxgPv61vBHsFYpgCeDtNwhpMZwmL29GklO3/etTdOsLdrCmNr4zJWaR2fg==",
        "dependencies": {
          "Microsoft.ApplicationInsights": "2.23.0",
          "Microsoft.Testing.Platform": "2.3.3",
          "System.Diagnostics.DiagnosticSource": "6.0.0"
        }
      },
      "Microsoft.Testing.Extensions.TrxReport.Abstractions": {
        "type": "Transitive",
        "resolved": "2.3.3",
        "contentHash": "dceVNxnfTEjKnrIreLcMfkgrzzBY8kgCCJX5NAv7Lq/6vPlTP4VB5zxKeuYy0yfCoBtWuPkLjUG6qtOBMfpypA==",
        "dependencies": {
          "Microsoft.Testing.Platform": "2.3.3"
        }
      },
      "Microsoft.Testing.Platform": {
        "type": "Transitive",
        "resolved": "2.3.3",
        "contentHash": "ENbH4BQh9riXtOKc25KKITfiGGWhWMBJA7pZuNaF9zxzzSaVkp5AMeZxGQ6sXYaR6xb724NLz985Is6XIYqLSg=="
      },
      "Microsoft.TestPlatform.Filter.Source": {
        "type": "Transitive",
        "resolved": "18.9.0",
        "contentHash": "DaGtqluOHTC41gD0oJ7FRN+F85AalD7wuPjRwKc7urEJyC9jaoR5p/qy8CPG+cYT5st5JkfTlv1+Y6H6FCfLUw=="
      },
      "Microsoft.Win32.Registry": {
        "type": "Transitive",
        "resolved": "5.0.0",
        "contentHash": "dDoKi0PnDz31yAyETfRntsLArTlVAVzUzCIvvEDsDsucrl33Dl8pIJG06ePTJTI3tGpeyHS9Cq7Foc/s4EeKcg==",
        "dependencies": {
          "System.Security.AccessControl": "5.0.0",
          "System.Security.Principal.Windows": "5.0.0"
        }
      },
      "System.Buffers": {
        "type": "Transitive",
        "resolved": "4.5.1",
        "contentHash": "Rw7ijyl1qqRS0YQD/WycNst8hUUMgrMH4FCn1nNm27M4VxchZ1js3fVjQaANHO5f3sN4isvP4a+Met9Y4YomAg=="
      },
      "System.Collections.Immutable": {
        "type": "Transitive",
        "resolved": "6.0.0",
        "contentHash": "l4zZJ1WU2hqpQQHXz1rvC3etVZN+2DLmQMO79FhOTZHMn8tDRr+WU287sbomD0BETlmKDn0ygUgVy9k5xkkJdA==",
        "dependencies": {
          "System.Memory": "4.5.4",
          "System.Runtime.CompilerServices.Unsafe": "6.0.0"
        }
      },
      "System.Diagnostics.DiagnosticSource": {
        "type": "Transitive",
        "resolved": "6.0.0",
        "contentHash": "frQDfv0rl209cKm1lnwTgFPzNigy2EKk1BS3uAvHvlBVKe5cymGyHO+Sj+NLv5VF/AhHsqPIUUwya5oV4CHMUw==",
        "dependencies": {
          "System.Memory": "4.5.4",
          "System.Runtime.CompilerServices.Unsafe": "6.0.0"
        }
      },
      "System.Memory": {
        "type": "Transitive",
        "resolved": "4.5.5",
        "contentHash": "XIWiDvKPXaTveaB7HVganDlOCRoj03l+jrwNvcge/t8vhGYKvqV+dMv6G4SAX2NoNmN0wZfVPTAlFwZcZvVOUw==",
        "dependencies": {
          "System.Buffers": "4.5.1",
          "System.Numerics.Vectors": "4.5.0",
          "System.Runtime.CompilerServices.Unsafe": "4.5.3"
        }
      },
      "System.Numerics.Vectors": {
        "type": "Transitive",
        "resolved": "4.5.0",
        "contentHash": "QQTlPTl06J/iiDbJCiepZ4H//BVraReU4O4EoRw1U02H5TLUIT7xn3GnDp9AXPSlJUDyFs4uWjWafNX6WrAojQ=="
      },
      "System.Runtime.CompilerServices.Unsafe": {
        "type": "Transitive",
        "resolved": "6.0.0",
        "contentHash": "/iUeP3tq1S0XdNNoMz5C9twLSrM/TH+qElHkXWaPvuNOt+99G75NrV0OS2EqHx5wMN7popYjpc8oTjC1y16DLg=="
      },
      "System.Security.AccessControl": {
        "type": "Transitive",
        "resolved": "6.0.1",
        "contentHash": "IQ4NXP/B3Ayzvw0rDQzVTYsCKyy0Jp9KI6aYcK7UnGVlR9+Awz++TIPCQtPYfLJfOpm8ajowMR09V7quD3sEHw==",
        "dependencies": {
          "System.Security.Principal.Windows": "5.0.0"
        }
      },
      "System.Security.Principal.Windows": {
        "type": "Transitive",
        "resolved": "5.0.0",
        "contentHash": "t0MGLukB5WAVU9bO3MGzvlGnyJPgUlcwerXn1kzBRjwLKixT96XV0Uza41W49gVd8zEMFu9vQEFlv0IOrytICA=="
      },
      "System.Threading.Tasks.Extensions": {
        "type": "Transitive",
        "resolved": "4.5.4",
        "contentHash": "zteT+G8xuGu6mS+mzDzYXbzS7rd3K6Fjb9RiZlYlJPam2/hU7JCBZBVEcywNuR+oZ1ncTvc/cq0faRr3P01OVg==",
        "dependencies": {
          "System.Runtime.CompilerServices.Unsafe": "4.5.3"
        }
      },
      "xunit.v3.assert": {
        "type": "Project",
        "dependencies": {
          "System.Collections.Immutable": "[6.0.0, 6.0.0]",
          "System.Memory": "[4.5.5, 4.5.5]"
        }
      },
      "xunit.v3.common": {
        "type": "Project",
        "dependencies": {
          "Microsoft.Bcl.AsyncInterfaces": "[6.0.0, 6.0.0]"
        }
      },
      "xunit.v3.core": {
        "type": "Project",
        "dependencies": {
          "xunit.v3.common": "[1.0.0, )"
        }
      },
      "xunit.v3.mtp-v2": {
        "type": "Project",
        "dependencies": {
          "Microsoft.Testing.Extensions.Telemetry": "[2.3.3, 3.0.0)",
          "Microsoft.Testing.Extensions.TrxReport.Abstractions": "[2.3.3, 3.0.0)",
          "Microsoft.Testing.Platform": "[2.3.3, 3.0.0)",
          "xunit.v3.runner.inproc.console": "[1.0.0, )"
        }
      },
      "xunit.v3.runner.common": {
        "type": "Project",
        "dependencies": {
          "Microsoft.TestPlatform.Filter.Source": "[18.9.0, )",
          "Microsoft.Win32.Registry": "[5.0.0, )",
          "System.Security.AccessControl": "[6.0.1, )",
          "xunit.v3.common": "[1.0.0, )"
        }
      },
      "xunit.v3.runner.inproc.console": {
        "type": "Project",
        "dependencies": {
          "xunit.v3.core": "[1.0.0, )",
          "xunit.v3.runner.common": "[1.0.0, )"
        }
      }
    },
    ".NETFramework,Version=v4.7.2/win-x86": {
      "Microsoft.Win32.Registry": {
        "type": "Transitive",
        "resolved": "5.0.0",
        "contentHash": "dDoKi0PnDz31yAyETfRntsLArTlVAVzUzCIvvEDsDsucrl33Dl8pIJG06ePTJTI3tGpeyHS9Cq7Foc/s4EeKcg==",
        "dependencies": {
          "System.Security.AccessControl": "5.0.0",
          "System.Security.Principal.Windows": "5.0.0"
        }
      },
      "System.Security.AccessControl": {
        "type": "Transitive",
        "resolved": "6.0.1",
        "contentHash": "IQ4NXP/B3Ayzvw0rDQzVTYsCKyy0Jp9KI6aYcK7UnGVlR9+Awz++TIPCQtPYfLJfOpm8ajowMR09V7quD3sEHw==",
        "dependencies": {
          "System.Security.Principal.Windows": "5.0.0"
        }
      },
      "System.Security.Principal.Windows": {
        "type": "Transitive",
        "resolved": "5.0.0",
        "contentHash": "t0MGLukB5WAVU9bO3MGzvlGnyJPgUlcwerXn1kzBRjwLKixT96XV0Uza41W49gVd8zEMFu9vQEFlv0IOrytICA=="
      }
    },
    "net8.0": {
      "Microsoft.Testing.Platform.MSBuild": {
        "type": "Direct",
        "requested": "[2.3.3, 3.0.0)",
        "resolved": "2.3.3",
        "contentHash": "iVAvNbZ5JPDZSrTcIrCDoCsAkzjDxwDEt2mDuMd8ng1P6e2P2NCd0g0BsoBVG+nJLSmK//V+yeEvjCa3E2fxHw==",
        "dependencies": {
          "Microsoft.Testing.Platform": "2.3.3"
        }
      },
      "Nerdbank.GitVersioning": {
        "type": "Direct",
        "requested": "[3.10.91, )",
        "resolved": "3.10.91",
        "contentHash": "9MtEXm/um2lQAEoek1EkF4CXNH4JuXxv2jV3Ew2XlzP0LXxFaFiECS7ji8zf1ZaMnPGYbbom+Nm6y4ADc5HNHQ=="
      },
      "xunit.analyzers": {
        "type": "Direct",
        "requested": "[2.0.0, )",
        "resolved": "2.0.0",
        "contentHash": "2UtauxWDa9C6bT7MvFfZkNoFulfflb00jnDU2xeVO9Y58l4Ah2Mv/HiMs4b0zdpK/SfAxpajkgKNMN8zBKa+7Q=="
      },
      "Microsoft.ApplicationInsights": {
        "type": "Transitive",
        "resolved": "2.23.0",
        "contentHash": "nWArUZTdU7iqZLycLKWe0TDms48KKGE6pONH2terYNa8REXiqixrMOkf1sk5DHGMaUTqONU2YkS4SAXBhLStgw==",
        "dependencies": {
          "System.Diagnostics.DiagnosticSource": "5.0.0"
        }
      },
      "Microsoft.Bcl.AsyncInterfaces": {
        "type": "Transitive",
        "resolved": "6.0.0",
        "contentHash": "UcSjPsst+DfAdJGVDsu346FX0ci0ah+lw3WRtn18NUwEqRt70HaOQ7lI72vy3+1LxtqI3T5GWwV39rQSrCzAeg=="
      },
      "Microsoft.Testing.Extensions.Telemetry": {
        "type": "Transitive",
        "resolved": "2.3.3",
        "contentHash": "nY8ceQyPWB9TRE1WE5Oe/sks2e10SxgPv61vBHsFYpgCeDtNwhpMZwmL29GklO3/etTdOsLdrCmNr4zJWaR2fg==",
        "dependencies": {
          "Microsoft.ApplicationInsights": "2.23.0",
          "Microsoft.Testing.Platform": "2.3.3"
        }
      },
      "Microsoft.Testing.Extensions.TrxReport.Abstractions": {
        "type": "Transitive",
        "resolved": "2.3.3",
        "contentHash": "dceVNxnfTEjKnrIreLcMfkgrzzBY8kgCCJX5NAv7Lq/6vPlTP4VB5zxKeuYy0yfCoBtWuPkLjUG6qtOBMfpypA==",
        "dependencies": {
          "Microsoft.Testing.Platform": "2.3.3"
        }
      },
      "Microsoft.Testing.Platform": {
        "type": "Transitive",
        "resolved": "2.3.3",
        "contentHash": "ENbH4BQh9riXtOKc25KKITfiGGWhWMBJA7pZuNaF9zxzzSaVkp5AMeZxGQ6sXYaR6xb724NLz985Is6XIYqLSg=="
      },
      "Microsoft.TestPlatform.Filter.Source": {
        "type": "Transitive",
        "resolved": "18.9.0",
        "contentHash": "DaGtqluOHTC41gD0oJ7FRN+F85AalD7wuPjRwKc7urEJyC9jaoR5p/qy8CPG+cYT5st5JkfTlv1+Y6H6FCfLUw=="
      },
      "Microsoft.Win32.Registry": {
        "type": "Transitive",
        "resolved": "5.0.0",
        "contentHash": "dDoKi0PnDz31yAyETfRntsLArTlVAVzUzCIvvEDsDsucrl33Dl8pIJG06ePTJTI3tGpeyHS9Cq7Foc/s4EeKcg==",
        "dependencies": {
          "System.Security.AccessControl": "5.0.0",
          "System.Security.Principal.Windows": "5.0.0"
        }
      },
      "System.Diagnostics.DiagnosticSource": {
        "type": "Transitive",
        "resolved": "5.0.0",
        "contentHash": "tCQTzPsGZh/A9LhhA6zrqCRV4hOHsK90/G7q3Khxmn6tnB1PuNU0cRaKANP2AWcF9bn0zsuOoZOSrHuJk6oNBA=="
      },
      "System.Security.AccessControl": {
        "type": "Transitive",
        "resolved": "6.0.1",
        "contentHash": "IQ4NXP/B3Ayzvw0rDQzVTYsCKyy0Jp9KI6aYcK7UnGVlR9+Awz++TIPCQtPYfLJfOpm8ajowMR09V7quD3sEHw=="
      },
      "System.Security.Principal.Windows": {
        "type": "Transitive",
        "resolved": "5.0.0",
        "contentHash": "t0MGLukB5WAVU9bO3MGzvlGnyJPgUlcwerXn1kzBRjwLKixT96XV0Uza41W49gVd8zEMFu9vQEFlv0IOrytICA=="
      },
      "xunit.v3.assert": {
        "type": "Project"
      },
      "xunit.v3.common": {
        "type": "Project",
        "dependencies": {
          "Microsoft.Bcl.AsyncInterfaces": "[6.0.0, 6.0.0]"
        }
      },
      "xunit.v3.core": {
        "type": "Project",
        "dependencies": {
          "xunit.v3.common": "[1.0.0, )"
        }
      },
      "xunit.v3.mtp-v2": {
        "type": "Project",
        "dependencies": {
          "Microsoft.Testing.Extensions.Telemetry": "[2.3.3, 3.0.0)",
          "Microsoft.Testing.Extensions.TrxReport.Abstractions": "[2.3.3, 3.0.0)",
          "Microsoft.Testing.Platform": "[2.3.3, 3.0.0)",
          "xunit.v3.runner.inproc.console": "[1.0.0, )"
        }
      },
      "xunit.v3.runner.common": {
        "type": "Project",
        "dependencies": {
          "Microsoft.TestPlatform.Filter.Source": "[18.9.0, )",
          "Microsoft.Win32.Registry": "[5.0.0, )",
          "System.Security.AccessControl": "[6.0.1, )",
          "xunit.v3.common": "[1.0.0, )"
        }
      },
      "xunit.v3.runner.inproc.console": {
        "type": "Project",
        "dependencies": {
          "xunit.v3.core": "[1.0.0, )",
          "xunit.v3.runner.common": "[1.0.0, )"
        }
      }
    },
    "net8.0/win-x86": {
      "Microsoft.Win32.Registry": {
        "type": "Transitive",
        "resolved": "5.0.0",
        "contentHash": "dDoKi0PnDz31yAyETfRntsLArTlVAVzUzCIvvEDsDsucrl33Dl8pIJG06ePTJTI3tGpeyHS9Cq7Foc/s4EeKcg==",
        "dependencies": {
          "System.Security.AccessControl": "5.0.0",
          "System.Security.Principal.Windows": "5.0.0"
        }
      },
      "System.Security.AccessControl": {
        "type": "Transitive",
        "resolved": "6.0.1",
        "contentHash": "IQ4NXP/B3Ayzvw0rDQzVTYsCKyy0Jp9KI6aYcK7UnGVlR9+Awz++TIPCQtPYfLJfOpm8ajowMR09V7quD3sEHw=="
      },
      "System.Security.Principal.Windows": {
        "type": "Transitive",
        "resolved": "5.0.0",
        "contentHash": "t0MGLukB5WAVU9bO3MGzvlGnyJPgUlcwerXn1kzBRjwLKixT96XV0Uza41W49gVd8zEMFu9vQEFlv0IOrytICA=="
      }
    }
  }
}