{
  "version": 1,
  "dependencies": {
    "net9.0": {
      "ILRepack": {
        "type": "Direct",
        "requested": "[2.0.48, )",
        "resolved": "2.0.48",
        "contentHash": "+FT+Jdn+6R2UmnNVxumqh8aaGDbOUZ/erinWsGMqEk7MJR+r6hyu6cwH2NRhw1S+rVX/EAWv34eFxPijzAq/Pg=="
      },
      "Microsoft.NET.ILLink.Tasks": {
        "type": "Direct",
        "requested": "[9.0.20, )",
        "resolved": "9.0.20",
        "contentHash": "oPFydtjCgow3DXnL8z5gPbq3R1zGvBpcypgRhW172Hn8asJcI8oy7isudAnAAALIWyK+uRWCDP+/+om3s0PZHA=="
      },
      "Microsoft.SourceLink.GitHub": {
        "type": "Direct",
        "requested": "[10.0.112, 10.0.112]",
        "resolved": "10.0.112",
        "contentHash": "Q43dMCc+MvYrkS8TmwFc/csiNIUTnAaJAaMZDi6CMMrdFjvhgHxQmx51H4c/hOLCjaXTbGBAHiACvkPWFL06UQ==",
        "dependencies": {
          "Microsoft.Build.Tasks.Git": "10.0.112",
          "Microsoft.SourceLink.Common": "10.0.112"
        }
      },
      "Nerdbank.GitVersioning": {
        "type": "Direct",
        "requested": "[3.10.94, )",
        "resolved": "3.10.94",
        "contentHash": "sn6gFIx6bwFj3Me0XGmek3gLZi/MZC8C4tRLwslXGeBcXcVxvFpZyDrQA93G8TiYgxTS7J7triKB7hj5wXzSxA=="
      },
      "xunit.analyzers": {
        "type": "Direct",
        "requested": "[2.2.0, )",
        "resolved": "2.2.0",
        "contentHash": "dXMIIztipcAyL3a19gtUrih/RLrE33/4VJdICoinYqIXXo1KLtsMPsaQ9dO2pE8xajDguwE2kqVbBqE5/EoJ0Q=="
      },
      "Microsoft.Build.Tasks.Git": {
        "type": "Transitive",
        "resolved": "10.0.112",
        "contentHash": "lJ1KMxVJeVw/KrDfKuege5p3cOTPbhrTJw6UFQ4+QBD+wv3QYMIP8ECMiqDjfndRH4P32kZFs0lARSPioPTrkw=="
      },
      "Microsoft.SourceLink.Common": {
        "type": "Transitive",
        "resolved": "10.0.112",
        "contentHash": "2NATnxAFcJ8VnPh9HZPrvkwvkqiYZC7IeHWculN+ZrdXvE2QEOHz3Ma1SHDxu3xwWjEGRzsrn7VqpU8XGS2HzA=="
      },
      "Microsoft.TestPlatform.Filter.Source": {
        "type": "Transitive",
        "resolved": "18.10.1",
        "contentHash": "v9CvtBsnaTGa1HOKg4ZjIqy4ptNnyEexvp2nOUSRWFeY1oxDd+0oQ3sm6gaILPZp2WSdxT/HdoKxFMq9Y1HiJg=="
      },
      "xunit.v3.common.aot": {
        "type": "Project"
      },
      "xunit.v3.core.aot": {
        "type": "Project",
        "dependencies": {
          "xunit.v3.common.aot": "[1.0.0, )"
        }
      },
      "xunit.v3.runner.common.aot": {
        "type": "Project",
        "dependencies": {
          "Microsoft.TestPlatform.Filter.Source": "[18.10.1, )",
          "xunit.v3.common.aot": "[1.0.0, )"
        }
      }
    }
  }
}