{
  "version": 1,
  "dependencies": {
    ".NETFramework,Version=v4.7.2": {
      "ILRepack": {
        "type": "Direct",
        "requested": "[2.0.46, )",
        "resolved": "2.0.46",
        "contentHash": "A0aJSYJQfbXQXLrKqT4J3FtF9/+y6twMNCGYuzRM8I1C9TutkNkkrlQR/15yUH7Ik3DNiWOJRlsdOkB7H3XK5Q=="
      },
      "Microsoft.NETFramework.ReferenceAssemblies": {
        "type": "Direct",
        "requested": "[1.0.3, )",
        "resolved": "1.0.3",
        "contentHash": "vUc9Npcs14QsyOD01tnv/m8sQUnGTGOw1BCmKcv77LBJY7OxhJ+zJF7UD/sCL3lYNFuqmQEVlkfS4Quif6FyYg==",
        "dependencies": {
          "Microsoft.NETFramework.ReferenceAssemblies.net472": "1.0.3"
        }
      },
      "Microsoft.SourceLink.GitHub": {
        "type": "Direct",
        "requested": "[10.0.105, 10.0.105]",
        "resolved": "10.0.105",
        "contentHash": "jAyZ1v9Dlo7+l1t+AD/tEgAYgO95bVM/KEtmP/OO8mIX7mIbkGRcep9k/CLb1ktRplhWwr+78WoM6WxwztV/Ew==",
        "dependencies": {
          "Microsoft.Build.Tasks.Git": "10.0.105",
          "Microsoft.SourceLink.Common": "10.0.105"
        }
      },
      "Nerdbank.GitVersioning": {
        "type": "Direct",
        "requested": "[3.10.91, )",
        "resolved": "3.10.91",
        "contentHash": "9MtEXm/um2lQAEoek1EkF4CXNH4JuXxv2jV3Ew2XlzP0LXxFaFiECS7ji8zf1ZaMnPGYbbom+Nm6y4ADc5HNHQ=="
      },
      "TunnelVisionLabs.ReferenceAssemblyAnnotator": {
        "type": "Direct",
        "requested": "[1.0.0-alpha.160, )",
        "resolved": "1.0.0-alpha.160",
        "contentHash": "ktxB8PGoPpIaYKjLk/+P94Fi2Qw2E1Dw7atBQRrKnHA57sk8WwmkI4RJmg6s5ph4k1RIaaAZMus05ah/AikEkA=="
      },
      "xunit.abstractions": {
        "type": "Direct",
        "requested": "[2.0.3, )",
        "resolved": "2.0.3",
        "contentHash": "pot1I4YOxlWjIb5jmwvvQNbTrZ3lJQ+jUGkGjWE3hEFM0l5gOnBWS+H3qsex68s5cO52g+44vpGzhAt+42vwKg=="
      },
      "xunit.analyzers": {
        "type": "Direct",
        "requested": "[2.0.0, )",
        "resolved": "2.0.0",
        "contentHash": "2UtauxWDa9C6bT7MvFfZkNoFulfflb00jnDU2xeVO9Y58l4Ah2Mv/HiMs4b0zdpK/SfAxpajkgKNMN8zBKa+7Q=="
      },
      "Microsoft.Bcl.AsyncInterfaces": {
        "type": "Transitive",
        "resolved": "6.0.0",
        "contentHash": "UcSjPsst+DfAdJGVDsu346FX0ci0ah+lw3WRtn18NUwEqRt70HaOQ7lI72vy3+1LxtqI3T5GWwV39rQSrCzAeg==",
        "dependencies": {
          "System.Threading.Tasks.Extensions": "4.5.4"
        }
      },
      "Microsoft.Build.Tasks.Git": {
        "type": "Transitive",
        "resolved": "10.0.105",
        "contentHash": "H7So5Ca5mENLkwVIb3Q6V1xZzXLiMdZ3XxNV9nWA77rY2KX3MNgtRzmia5F56OesXzjqnCZXLNKwvTbxSN03XQ=="
      },
      "Microsoft.NETFramework.ReferenceAssemblies.net472": {
        "type": "Transitive",
        "resolved": "1.0.3",
        "contentHash": "0E7evZXHXaDYYiLRfpyXvCh+yzM2rNTyuZDI+ZO7UUqSc6GfjePiXTdqJGtgIKUwdI81tzQKmaWprnUiPj9hAw=="
      },
      "Microsoft.SourceLink.Common": {
        "type": "Transitive",
        "resolved": "10.0.105",
        "contentHash": "qDNxxeM6uuvh1F/KuKjlY8pg+HMQv95FqK6DHVabHxX0vix/PMl4l/CII2XL3tZr0afj0sbqk3WXa/2unyz0PQ=="
      },
      "Microsoft.TestPlatform.Filter.Source": {
        "type": "Transitive",
        "resolved": "18.9.0",
        "contentHash": "DaGtqluOHTC41gD0oJ7FRN+F85AalD7wuPjRwKc7urEJyC9jaoR5p/qy8CPG+cYT5st5JkfTlv1+Y6H6FCfLUw=="
      },
      "Microsoft.Win32.Registry": {
        "type": "Transitive",
        "resolved": "5.0.0",
        "contentHash": "dDoKi0PnDz31yAyETfRntsLArTlVAVzUzCIvvEDsDsucrl33Dl8pIJG06ePTJTI3tGpeyHS9Cq7Foc/s4EeKcg==",
        "dependencies": {
          "System.Security.AccessControl": "5.0.0",
          "System.Security.Principal.Windows": "5.0.0"
        }
      },
      "System.Runtime.CompilerServices.Unsafe": {
        "type": "Transitive",
        "resolved": "4.5.3",
        "contentHash": "3TIsJhD1EiiT0w2CcDMN/iSSwnNnsrnbzeVHSKkaEgV85txMprmuO+Yq2AdSbeVGcg28pdNDTPK87tJhX7VFHw=="
      },
      "System.Security.AccessControl": {
        "type": "Transitive",
        "resolved": "6.0.1",
        "contentHash": "IQ4NXP/B3Ayzvw0rDQzVTYsCKyy0Jp9KI6aYcK7UnGVlR9+Awz++TIPCQtPYfLJfOpm8ajowMR09V7quD3sEHw==",
        "dependencies": {
          "System.Security.Principal.Windows": "5.0.0"
        }
      },
      "System.Security.Principal.Windows": {
        "type": "Transitive",
        "resolved": "5.0.0",
        "contentHash": "t0MGLukB5WAVU9bO3MGzvlGnyJPgUlcwerXn1kzBRjwLKixT96XV0Uza41W49gVd8zEMFu9vQEFlv0IOrytICA=="
      },
      "System.Threading.Tasks.Extensions": {
        "type": "Transitive",
        "resolved": "4.5.4",
        "contentHash": "zteT+G8xuGu6mS+mzDzYXbzS7rd3K6Fjb9RiZlYlJPam2/hU7JCBZBVEcywNuR+oZ1ncTvc/cq0faRr3P01OVg==",
        "dependencies": {
          "System.Runtime.CompilerServices.Unsafe": "4.5.3"
        }
      },
      "xunit.v3.common": {
        "type": "Project",
        "dependencies": {
          "Microsoft.Bcl.AsyncInterfaces": "[6.0.0, 6.0.0]"
        }
      },
      "xunit.v3.runner.common": {
        "type": "Project",
        "dependencies": {
          "Microsoft.TestPlatform.Filter.Source": "[18.9.0, )",
          "Microsoft.Win32.Registry": "[5.0.0, )",
          "System.Security.AccessControl": "[6.0.1, )",
          "xunit.v3.common": "[1.0.0, )"
        }
      }
    },
    "net8.0": {
      "ILRepack": {
        "type": "Direct",
        "requested": "[2.0.46, )",
        "resolved": "2.0.46",
        "contentHash": "A0aJSYJQfbXQXLrKqT4J3FtF9/+y6twMNCGYuzRM8I1C9TutkNkkrlQR/15yUH7Ik3DNiWOJRlsdOkB7H3XK5Q=="
      },
      "Microsoft.SourceLink.GitHub": {
        "type": "Direct",
        "requested": "[10.0.105, 10.0.105]",
        "resolved": "10.0.105",
        "contentHash": "jAyZ1v9Dlo7+l1t+AD/tEgAYgO95bVM/KEtmP/OO8mIX7mIbkGRcep9k/CLb1ktRplhWwr+78WoM6WxwztV/Ew==",
        "dependencies": {
          "Microsoft.Build.Tasks.Git": "10.0.105",
          "Microsoft.SourceLink.Common": "10.0.105"
        }
      },
      "Nerdbank.GitVersioning": {
        "type": "Direct",
        "requested": "[3.10.91, )",
        "resolved": "3.10.91",
        "contentHash": "9MtEXm/um2lQAEoek1EkF4CXNH4JuXxv2jV3Ew2XlzP0LXxFaFiECS7ji8zf1ZaMnPGYbbom+Nm6y4ADc5HNHQ=="
      },
      "xunit.abstractions": {
        "type": "Direct",
        "requested": "[2.0.3, )",
        "resolved": "2.0.3",
        "contentHash": "pot1I4YOxlWjIb5jmwvvQNbTrZ3lJQ+jUGkGjWE3hEFM0l5gOnBWS+H3qsex68s5cO52g+44vpGzhAt+42vwKg=="
      },
      "xunit.analyzers": {
        "type": "Direct",
        "requested": "[2.0.0, )",
        "resolved": "2.0.0",
        "contentHash": "2UtauxWDa9C6bT7MvFfZkNoFulfflb00jnDU2xeVO9Y58l4Ah2Mv/HiMs4b0zdpK/SfAxpajkgKNMN8zBKa+7Q=="
      },
      "Microsoft.Bcl.AsyncInterfaces": {
        "type": "Transitive",
        "resolved": "6.0.0",
        "contentHash": "UcSjPsst+DfAdJGVDsu346FX0ci0ah+lw3WRtn18NUwEqRt70HaOQ7lI72vy3+1LxtqI3T5GWwV39rQSrCzAeg=="
      },
      "Microsoft.Build.Tasks.Git": {
        "type": "Transitive",
        "resolved": "10.0.105",
        "contentHash": "H7So5Ca5mENLkwVIb3Q6V1xZzXLiMdZ3XxNV9nWA77rY2KX3MNgtRzmia5F56OesXzjqnCZXLNKwvTbxSN03XQ=="
      },
      "Microsoft.SourceLink.Common": {
        "type": "Transitive",
        "resolved": "10.0.105",
        "contentHash": "qDNxxeM6uuvh1F/KuKjlY8pg+HMQv95FqK6DHVabHxX0vix/PMl4l/CII2XL3tZr0afj0sbqk3WXa/2unyz0PQ=="
      },
      "Microsoft.TestPlatform.Filter.Source": {
        "type": "Transitive",
        "resolved": "18.9.0",
        "contentHash": "DaGtqluOHTC41gD0oJ7FRN+F85AalD7wuPjRwKc7urEJyC9jaoR5p/qy8CPG+cYT5st5JkfTlv1+Y6H6FCfLUw=="
      },
      "Microsoft.Win32.Registry": {
        "type": "Transitive",
        "resolved": "5.0.0",
        "contentHash": "dDoKi0PnDz31yAyETfRntsLArTlVAVzUzCIvvEDsDsucrl33Dl8pIJG06ePTJTI3tGpeyHS9Cq7Foc/s4EeKcg==",
        "dependencies": {
          "System.Security.AccessControl": "5.0.0",
          "System.Security.Principal.Windows": "5.0.0"
        }
      },
      "System.Security.AccessControl": {
        "type": "Transitive",
        "resolved": "6.0.1",
        "contentHash": "IQ4NXP/B3Ayzvw0rDQzVTYsCKyy0Jp9KI6aYcK7UnGVlR9+Awz++TIPCQtPYfLJfOpm8ajowMR09V7quD3sEHw=="
      },
      "System.Security.Principal.Windows": {
        "type": "Transitive",
        "resolved": "5.0.0",
        "contentHash": "t0MGLukB5WAVU9bO3MGzvlGnyJPgUlcwerXn1kzBRjwLKixT96XV0Uza41W49gVd8zEMFu9vQEFlv0IOrytICA=="
      },
      "xunit.v3.common": {
        "type": "Project",
        "dependencies": {
          "Microsoft.Bcl.AsyncInterfaces": "[6.0.0, 6.0.0]"
        }
      },
      "xunit.v3.runner.common": {
        "type": "Project",
        "dependencies": {
          "Microsoft.TestPlatform.Filter.Source": "[18.9.0, )",
          "Microsoft.Win32.Registry": "[5.0.0, )",
          "System.Security.AccessControl": "[6.0.1, )",
          "xunit.v3.common": "[1.0.0, )"
        }
      }
    }
  }
}