{
  "version": 1,
  "dependencies": {
    ".NETFramework,Version=v4.7.2": {
      "ILRepack": {
        "type": "Direct",
        "requested": "[2.0.46, )",
        "resolved": "2.0.46",
        "contentHash": "A0aJSYJQfbXQXLrKqT4J3FtF9/+y6twMNCGYuzRM8I1C9TutkNkkrlQR/15yUH7Ik3DNiWOJRlsdOkB7H3XK5Q=="
      },
      "Microsoft.Build.Tasks.Core": {
        "type": "Direct",
        "requested": "[16.11.6, 16.11.6]",
        "resolved": "16.11.6",
        "contentHash": "ob0i9YT0oHY+qfNjJopfXbtN8iEcl0+E0YjmBMz3Ud6uf6isBG87ok173KNomPwrnU0v/NSDzaHSu0boVtXhXg==",
        "dependencies": {
          "Microsoft.Build.Framework": "16.11.6",
          "Microsoft.Build.Utilities.Core": "16.11.6",
          "Microsoft.NET.StringTools": "1.0.0",
          "Microsoft.VisualStudio.Setup.Configuration.Interop": "1.16.30",
          "System.Collections.Immutable": "5.0.0",
          "System.Resources.Extensions": "4.6.0",
          "System.Threading.Tasks.Dataflow": "4.9.0"
        }
      },
      "Microsoft.NETFramework.ReferenceAssemblies": {
        "type": "Direct",
        "requested": "[1.0.3, )",
        "resolved": "1.0.3",
        "contentHash": "vUc9Npcs14QsyOD01tnv/m8sQUnGTGOw1BCmKcv77LBJY7OxhJ+zJF7UD/sCL3lYNFuqmQEVlkfS4Quif6FyYg==",
        "dependencies": {
          "Microsoft.NETFramework.ReferenceAssemblies.net472": "1.0.3"
        }
      },
      "Microsoft.SourceLink.GitHub": {
        "type": "Direct",
        "requested": "[10.0.105, 10.0.105]",
        "resolved": "10.0.105",
        "contentHash": "jAyZ1v9Dlo7+l1t+AD/tEgAYgO95bVM/KEtmP/OO8mIX7mIbkGRcep9k/CLb1ktRplhWwr+78WoM6WxwztV/Ew==",
        "dependencies": {
          "Microsoft.Build.Tasks.Git": "10.0.105",
          "Microsoft.SourceLink.Common": "10.0.105"
        }
      },
      "Nerdbank.GitVersioning": {
        "type": "Direct",
        "requested": "[3.10.91, )",
        "resolved": "3.10.91",
        "contentHash": "9MtEXm/um2lQAEoek1EkF4CXNH4JuXxv2jV3Ew2XlzP0LXxFaFiECS7ji8zf1ZaMnPGYbbom+Nm6y4ADc5HNHQ=="
      },
      "TunnelVisionLabs.ReferenceAssemblyAnnotator": {
        "type": "Direct",
        "requested": "[1.0.0-alpha.160, )",
        "resolved": "1.0.0-alpha.160",
        "contentHash": "ktxB8PGoPpIaYKjLk/+P94Fi2Qw2E1Dw7atBQRrKnHA57sk8WwmkI4RJmg6s5ph4k1RIaaAZMus05ah/AikEkA=="
      },
      "xunit.analyzers": {
        "type": "Direct",
        "requested": "[2.0.0, )",
        "resolved": "2.0.0",
        "contentHash": "2UtauxWDa9C6bT7MvFfZkNoFulfflb00jnDU2xeVO9Y58l4Ah2Mv/HiMs4b0zdpK/SfAxpajkgKNMN8zBKa+7Q=="
      },
      "Microsoft.Bcl.AsyncInterfaces": {
        "type": "Transitive",
        "resolved": "6.0.0",
        "contentHash": "UcSjPsst+DfAdJGVDsu346FX0ci0ah+lw3WRtn18NUwEqRt70HaOQ7lI72vy3+1LxtqI3T5GWwV39rQSrCzAeg==",
        "dependencies": {
          "System.Threading.Tasks.Extensions": "4.5.4"
        }
      },
      "Microsoft.Build.Framework": {
        "type": "Transitive",
        "resolved": "16.11.6",
        "contentHash": "ExmiblffcaYa8mDo2rTYyGoNASgJtxtWSH4w696d8HTROVa2xPrQ2opoWr2woaEZEy9w6uu8k35kKFljQJoLuQ=="
      },
      "Microsoft.Build.Tasks.Git": {
        "type": "Transitive",
        "resolved": "10.0.105",
        "contentHash": "H7So5Ca5mENLkwVIb3Q6V1xZzXLiMdZ3XxNV9nWA77rY2KX3MNgtRzmia5F56OesXzjqnCZXLNKwvTbxSN03XQ=="
      },
      "Microsoft.Build.Utilities.Core": {
        "type": "Transitive",
        "resolved": "16.11.6",
        "contentHash": "93bQaKqmdDfBfR0uFSFCZkq37RAbrhCTfCIvvrqRzZcEHwFu5IIGrSKnA65INb50x5/JnXmOD8e8bywx8jtxxg==",
        "dependencies": {
          "Microsoft.Build.Framework": "16.11.6",
          "Microsoft.NET.StringTools": "1.0.0",
          "Microsoft.VisualStudio.Setup.Configuration.Interop": "1.16.30",
          "System.Collections.Immutable": "5.0.0",
          "System.Configuration.ConfigurationManager": "4.7.0"
        }
      },
      "Microsoft.NET.StringTools": {
        "type": "Transitive",
        "resolved": "1.0.0",
        "contentHash": "ZYVcoDM0LnSyT5nWoRGfShYdOecCw2sOXWwP6j1Z0u48Xq3+BVvZ+EiPCX9/8Gz439giW+O1H1kWF9Eb/w6rVg==",
        "dependencies": {
          "System.Memory": "4.5.4",
          "System.Runtime.CompilerServices.Unsafe": "5.0.0"
        }
      },
      "Microsoft.NETFramework.ReferenceAssemblies.net472": {
        "type": "Transitive",
        "resolved": "1.0.3",
        "contentHash": "0E7evZXHXaDYYiLRfpyXvCh+yzM2rNTyuZDI+ZO7UUqSc6GfjePiXTdqJGtgIKUwdI81tzQKmaWprnUiPj9hAw=="
      },
      "Microsoft.SourceLink.Common": {
        "type": "Transitive",
        "resolved": "10.0.105",
        "contentHash": "qDNxxeM6uuvh1F/KuKjlY8pg+HMQv95FqK6DHVabHxX0vix/PMl4l/CII2XL3tZr0afj0sbqk3WXa/2unyz0PQ=="
      },
      "Microsoft.TestPlatform.Filter.Source": {
        "type": "Transitive",
        "resolved": "18.9.0",
        "contentHash": "DaGtqluOHTC41gD0oJ7FRN+F85AalD7wuPjRwKc7urEJyC9jaoR5p/qy8CPG+cYT5st5JkfTlv1+Y6H6FCfLUw=="
      },
      "Microsoft.VisualStudio.Setup.Configuration.Interop": {
        "type": "Transitive",
        "resolved": "1.16.30",
        "contentHash": "lC6SqNkraWUSY7cyF5GUmXSECoTMwslBc/r1dguChjsi0D0BlF7G6PLsvXD0NFCwnpKlgVzUYrIq7DQakdGerw=="
      },
      "Microsoft.Win32.Registry": {
        "type": "Transitive",
        "resolved": "5.0.0",
        "contentHash": "dDoKi0PnDz31yAyETfRntsLArTlVAVzUzCIvvEDsDsucrl33Dl8pIJG06ePTJTI3tGpeyHS9Cq7Foc/s4EeKcg==",
        "dependencies": {
          "System.Security.AccessControl": "5.0.0",
          "System.Security.Principal.Windows": "5.0.0"
        }
      },
      "System.Buffers": {
        "type": "Transitive",
        "resolved": "4.5.1",
        "contentHash": "Rw7ijyl1qqRS0YQD/WycNst8hUUMgrMH4FCn1nNm27M4VxchZ1js3fVjQaANHO5f3sN4isvP4a+Met9Y4YomAg=="
      },
      "System.Collections.Immutable": {
        "type": "Transitive",
        "resolved": "5.0.0",
        "contentHash": "FXkLXiK0sVVewcso0imKQoOxjoPAj42R8HtjjbSjVPAzwDfzoyoznWxgA3c38LDbN9SJux1xXoXYAhz98j7r2g==",
        "dependencies": {
          "System.Memory": "4.5.4"
        }
      },
      "System.Configuration.ConfigurationManager": {
        "type": "Transitive",
        "resolved": "4.7.0",
        "contentHash": "/anOTeSZCNNI2zDilogWrZ8pNqCmYbzGNexUnNhjW8k0sHqEZ2nHJBp147jBV3hGYswu5lINpNg1vxR7bnqvVA==",
        "dependencies": {
          "System.Security.Permissions": "4.7.0"
        }
      },
      "System.Memory": {
        "type": "Transitive",
        "resolved": "4.5.4",
        "contentHash": "1MbJTHS1lZ4bS4FmsJjnuGJOu88ZzTT2rLvrhW7Ygic+pC0NWA+3hgAen0HRdsocuQXCkUTdFn9yHJJhsijDXw==",
        "dependencies": {
          "System.Buffers": "4.5.1",
          "System.Numerics.Vectors": "4.5.0",
          "System.Runtime.CompilerServices.Unsafe": "4.5.3"
        }
      },
      "System.Numerics.Vectors": {
        "type": "Transitive",
        "resolved": "4.5.0",
        "contentHash": "QQTlPTl06J/iiDbJCiepZ4H//BVraReU4O4EoRw1U02H5TLUIT7xn3GnDp9AXPSlJUDyFs4uWjWafNX6WrAojQ=="
      },
      "System.Resources.Extensions": {
        "type": "Transitive",
        "resolved": "4.6.0",
        "contentHash": "6aVCk8oTFZNT3Tx1jjiPi6+aipiJ3qMZYttAREKTRJidP50YvNeOn4PXrqzfA5qC23fLReq2JYp+nJwzj62HGw==",
        "dependencies": {
          "System.Memory": "4.5.3"
        }
      },
      "System.Runtime.CompilerServices.Unsafe": {
        "type": "Transitive",
        "resolved": "5.0.0",
        "contentHash": "ZD9TMpsmYJLrxbbmdvhwt9YEgG5WntEnZ/d1eH8JBX9LBp+Ju8BSBhUGbZMNVHHomWo2KVImJhTDl2hIgw/6MA=="
      },
      "System.Security.AccessControl": {
        "type": "Transitive",
        "resolved": "6.0.1",
        "contentHash": "IQ4NXP/B3Ayzvw0rDQzVTYsCKyy0Jp9KI6aYcK7UnGVlR9+Awz++TIPCQtPYfLJfOpm8ajowMR09V7quD3sEHw==",
        "dependencies": {
          "System.Security.Principal.Windows": "5.0.0"
        }
      },
      "System.Security.Permissions": {
        "type": "Transitive",
        "resolved": "4.7.0",
        "contentHash": "dkOV6YYVBnYRa15/yv004eCGRBVADXw8qRbbNiCn/XpdJSUXkkUeIvdvFHkvnko4CdKMqG8yRHC4ox83LSlMsQ==",
        "dependencies": {
          "System.Security.AccessControl": "4.7.0"
        }
      },
      "System.Security.Principal.Windows": {
        "type": "Transitive",
        "resolved": "5.0.0",
        "contentHash": "t0MGLukB5WAVU9bO3MGzvlGnyJPgUlcwerXn1kzBRjwLKixT96XV0Uza41W49gVd8zEMFu9vQEFlv0IOrytICA=="
      },
      "System.Threading.Tasks.Dataflow": {
        "type": "Transitive",
        "resolved": "4.9.0",
        "contentHash": "dTS+3D/GtG2/Pvc3E5YzVvAa7aQJgLDlZDIzukMOJjYudVOQOUXEU68y6Zi3Nn/jqIeB5kOCwrGbQFAKHVzXEQ=="
      },
      "System.Threading.Tasks.Extensions": {
        "type": "Transitive",
        "resolved": "4.5.4",
        "contentHash": "zteT+G8xuGu6mS+mzDzYXbzS7rd3K6Fjb9RiZlYlJPam2/hU7JCBZBVEcywNuR+oZ1ncTvc/cq0faRr3P01OVg==",
        "dependencies": {
          "System.Runtime.CompilerServices.Unsafe": "4.5.3"
        }
      },
      "xunit.abstractions": {
        "type": "Transitive",
        "resolved": "2.0.3",
        "contentHash": "pot1I4YOxlWjIb5jmwvvQNbTrZ3lJQ+jUGkGjWE3hEFM0l5gOnBWS+H3qsex68s5cO52g+44vpGzhAt+42vwKg=="
      },
      "xunit.v3.common": {
        "type": "Project",
        "dependencies": {
          "Microsoft.Bcl.AsyncInterfaces": "[6.0.0, 6.0.0]"
        }
      },
      "xunit.v3.runner.common": {
        "type": "Project",
        "dependencies": {
          "Microsoft.TestPlatform.Filter.Source": "[18.9.0, )",
          "Microsoft.Win32.Registry": "[5.0.0, )",
          "System.Security.AccessControl": "[6.0.1, )",
          "xunit.v3.common": "[1.0.0, )"
        }
      },
      "xunit.v3.runner.utility": {
        "type": "Project",
        "dependencies": {
          "xunit.abstractions": "[2.0.3, )",
          "xunit.v3.runner.common": "[1.0.0, )"
        }
      }
    },
    "net8.0": {
      "ILRepack": {
        "type": "Direct",
        "requested": "[2.0.46, )",
        "resolved": "2.0.46",
        "contentHash": "A0aJSYJQfbXQXLrKqT4J3FtF9/+y6twMNCGYuzRM8I1C9TutkNkkrlQR/15yUH7Ik3DNiWOJRlsdOkB7H3XK5Q=="
      },
      "Microsoft.Build.Tasks.Core": {
        "type": "Direct",
        "requested": "[16.11.6, 16.11.6]",
        "resolved": "16.11.6",
        "contentHash": "ob0i9YT0oHY+qfNjJopfXbtN8iEcl0+E0YjmBMz3Ud6uf6isBG87ok173KNomPwrnU0v/NSDzaHSu0boVtXhXg==",
        "dependencies": {
          "Microsoft.Build.Framework": "16.11.6",
          "Microsoft.Build.Utilities.Core": "16.11.6",
          "Microsoft.NET.StringTools": "1.0.0",
          "Microsoft.Win32.Registry": "4.3.0",
          "System.CodeDom": "4.4.0",
          "System.Collections.Immutable": "5.0.0",
          "System.Reflection.Metadata": "1.6.0",
          "System.Resources.Extensions": "4.6.0",
          "System.Security.Cryptography.Pkcs": "4.7.0",
          "System.Security.Cryptography.Xml": "4.7.0",
          "System.Security.Permissions": "4.7.0",
          "System.Threading.Tasks.Dataflow": "4.9.0"
        }
      },
      "Microsoft.SourceLink.GitHub": {
        "type": "Direct",
        "requested": "[10.0.105, 10.0.105]",
        "resolved": "10.0.105",
        "contentHash": "jAyZ1v9Dlo7+l1t+AD/tEgAYgO95bVM/KEtmP/OO8mIX7mIbkGRcep9k/CLb1ktRplhWwr+78WoM6WxwztV/Ew==",
        "dependencies": {
          "Microsoft.Build.Tasks.Git": "10.0.105",
          "Microsoft.SourceLink.Common": "10.0.105"
        }
      },
      "Nerdbank.GitVersioning": {
        "type": "Direct",
        "requested": "[3.10.91, )",
        "resolved": "3.10.91",
        "contentHash": "9MtEXm/um2lQAEoek1EkF4CXNH4JuXxv2jV3Ew2XlzP0LXxFaFiECS7ji8zf1ZaMnPGYbbom+Nm6y4ADc5HNHQ=="
      },
      "xunit.analyzers": {
        "type": "Direct",
        "requested": "[2.0.0, )",
        "resolved": "2.0.0",
        "contentHash": "2UtauxWDa9C6bT7MvFfZkNoFulfflb00jnDU2xeVO9Y58l4Ah2Mv/HiMs4b0zdpK/SfAxpajkgKNMN8zBKa+7Q=="
      },
      "Microsoft.Bcl.AsyncInterfaces": {
        "type": "Transitive",
        "resolved": "6.0.0",
        "contentHash": "UcSjPsst+DfAdJGVDsu346FX0ci0ah+lw3WRtn18NUwEqRt70HaOQ7lI72vy3+1LxtqI3T5GWwV39rQSrCzAeg=="
      },
      "Microsoft.Build.Framework": {
        "type": "Transitive",
        "resolved": "16.11.6",
        "contentHash": "ExmiblffcaYa8mDo2rTYyGoNASgJtxtWSH4w696d8HTROVa2xPrQ2opoWr2woaEZEy9w6uu8k35kKFljQJoLuQ==",
        "dependencies": {
          "System.Security.Permissions": "4.7.0"
        }
      },
      "Microsoft.Build.Tasks.Git": {
        "type": "Transitive",
        "resolved": "10.0.105",
        "contentHash": "H7So5Ca5mENLkwVIb3Q6V1xZzXLiMdZ3XxNV9nWA77rY2KX3MNgtRzmia5F56OesXzjqnCZXLNKwvTbxSN03XQ=="
      },
      "Microsoft.Build.Utilities.Core": {
        "type": "Transitive",
        "resolved": "16.11.6",
        "contentHash": "93bQaKqmdDfBfR0uFSFCZkq37RAbrhCTfCIvvrqRzZcEHwFu5IIGrSKnA65INb50x5/JnXmOD8e8bywx8jtxxg==",
        "dependencies": {
          "Microsoft.Build.Framework": "16.11.6",
          "Microsoft.NET.StringTools": "1.0.0",
          "Microsoft.Win32.Registry": "4.3.0",
          "System.Collections.Immutable": "5.0.0",
          "System.Configuration.ConfigurationManager": "4.7.0",
          "System.Security.Permissions": "4.7.0",
          "System.Text.Encoding.CodePages": "4.0.1"
        }
      },
      "Microsoft.NET.StringTools": {
        "type": "Transitive",
        "resolved": "1.0.0",
        "contentHash": "ZYVcoDM0LnSyT5nWoRGfShYdOecCw2sOXWwP6j1Z0u48Xq3+BVvZ+EiPCX9/8Gz439giW+O1H1kWF9Eb/w6rVg==",
        "dependencies": {
          "System.Memory": "4.5.4",
          "System.Runtime.CompilerServices.Unsafe": "5.0.0"
        }
      },
      "Microsoft.NETCore.Platforms": {
        "type": "Transitive",
        "resolved": "3.1.0",
        "contentHash": "z7aeg8oHln2CuNulfhiLYxCVMPEwBl3rzicjvIX+4sUuCwvXw5oXQEtbiU2c0z4qYL5L3Kmx0mMA/+t/SbY67w=="
      },
      "Microsoft.NETCore.Targets": {
        "type": "Transitive",
        "resolved": "1.0.1",
        "contentHash": "rkn+fKobF/cbWfnnfBOQHKVKIOpxMZBvlSHkqDWgBpwGDcLRduvs3D9OLGeV6GWGvVwNlVi2CBbTjuPmtHvyNw=="
      },
      "Microsoft.SourceLink.Common": {
        "type": "Transitive",
        "resolved": "10.0.105",
        "contentHash": "qDNxxeM6uuvh1F/KuKjlY8pg+HMQv95FqK6DHVabHxX0vix/PMl4l/CII2XL3tZr0afj0sbqk3WXa/2unyz0PQ=="
      },
      "Microsoft.TestPlatform.Filter.Source": {
        "type": "Transitive",
        "resolved": "18.9.0",
        "contentHash": "DaGtqluOHTC41gD0oJ7FRN+F85AalD7wuPjRwKc7urEJyC9jaoR5p/qy8CPG+cYT5st5JkfTlv1+Y6H6FCfLUw=="
      },
      "Microsoft.Win32.Registry": {
        "type": "Transitive",
        "resolved": "5.0.0",
        "contentHash": "dDoKi0PnDz31yAyETfRntsLArTlVAVzUzCIvvEDsDsucrl33Dl8pIJG06ePTJTI3tGpeyHS9Cq7Foc/s4EeKcg==",
        "dependencies": {
          "System.Security.AccessControl": "5.0.0",
          "System.Security.Principal.Windows": "5.0.0"
        }
      },
      "Microsoft.Win32.SystemEvents": {
        "type": "Transitive",
        "resolved": "4.7.0",
        "contentHash": "mtVirZr++rq+XCDITMUdnETD59XoeMxSpLRIII7JRI6Yj0LEDiO1pPn0ktlnIj12Ix8bfvQqQDMMIF9wC98oCA==",
        "dependencies": {
          "Microsoft.NETCore.Platforms": "3.1.0"
        }
      },
      "System.CodeDom": {
        "type": "Transitive",
        "resolved": "4.4.0",
        "contentHash": "2sCCb7doXEwtYAbqzbF/8UAeDRMNmPaQbU2q50Psg1J9KzumyVVCgKQY8s53WIPTufNT0DpSe9QRvVjOzfDWBA=="
      },
      "System.Collections": {
        "type": "Transitive",
        "resolved": "4.0.11",
        "contentHash": "YUJGz6eFKqS0V//mLt25vFGrrCvOnsXjlvFQs+KimpwNxug9x0Pzy4PlFMU3Q2IzqAa9G2L4LsK3+9vCBK7oTg==",
        "dependencies": {
          "Microsoft.NETCore.Platforms": "1.0.1",
          "Microsoft.NETCore.Targets": "1.0.1",
          "System.Runtime": "4.1.0"
        }
      },
      "System.Collections.Immutable": {
        "type": "Transitive",
        "resolved": "5.0.0",
        "contentHash": "FXkLXiK0sVVewcso0imKQoOxjoPAj42R8HtjjbSjVPAzwDfzoyoznWxgA3c38LDbN9SJux1xXoXYAhz98j7r2g=="
      },
      "System.Configuration.ConfigurationManager": {
        "type": "Transitive",
        "resolved": "4.7.0",
        "contentHash": "/anOTeSZCNNI2zDilogWrZ8pNqCmYbzGNexUnNhjW8k0sHqEZ2nHJBp147jBV3hGYswu5lINpNg1vxR7bnqvVA==",
        "dependencies": {
          "System.Security.Cryptography.ProtectedData": "4.7.0",
          "System.Security.Permissions": "4.7.0"
        }
      },
      "System.Drawing.Common": {
        "type": "Transitive",
        "resolved": "4.7.0",
        "contentHash": "v+XbyYHaZjDfn0ENmJEV1VYLgGgCTx1gnfOBcppowbpOAriglYgGCvFCPr2EEZyBvXlpxbEsTwkOlInl107ahA==",
        "dependencies": {
          "Microsoft.NETCore.Platforms": "3.1.0",
          "Microsoft.Win32.SystemEvents": "4.7.0"
        }
      },
      "System.Globalization": {
        "type": "Transitive",
        "resolved": "4.0.11",
        "contentHash": "B95h0YLEL2oSnwF/XjqSWKnwKOy/01VWkNlsCeMTFJLLabflpGV26nK164eRs5GiaRSBGpOxQ3pKoSnnyZN5pg==",
        "dependencies": {
          "Microsoft.NETCore.Platforms": "1.0.1",
          "Microsoft.NETCore.Targets": "1.0.1",
          "System.Runtime": "4.1.0"
        }
      },
      "System.IO": {
        "type": "Transitive",
        "resolved": "4.1.0",
        "contentHash": "3KlTJceQc3gnGIaHZ7UBZO26SHL1SHE4ddrmiwumFnId+CEHP+O8r386tZKaE6zlk5/mF8vifMBzHj9SaXN+mQ==",
        "dependencies": {
          "Microsoft.NETCore.Platforms": "1.0.1",
          "Microsoft.NETCore.Targets": "1.0.1",
          "System.Runtime": "4.1.0",
          "System.Text.Encoding": "4.0.11",
          "System.Threading.Tasks": "4.0.11"
        }
      },
      "System.Memory": {
        "type": "Transitive",
        "resolved": "4.5.4",
        "contentHash": "1MbJTHS1lZ4bS4FmsJjnuGJOu88ZzTT2rLvrhW7Ygic+pC0NWA+3hgAen0HRdsocuQXCkUTdFn9yHJJhsijDXw=="
      },
      "System.Reflection": {
        "type": "Transitive",
        "resolved": "4.1.0",
        "contentHash": "JCKANJ0TI7kzoQzuwB/OoJANy1Lg338B6+JVacPl4TpUwi3cReg3nMLplMq2uqYfHFQpKIlHAUVAJlImZz/4ng==",
        "dependencies": {
          "Microsoft.NETCore.Platforms": "1.0.1",
          "Microsoft.NETCore.Targets": "1.0.1",
          "System.IO": "4.1.0",
          "System.Reflection.Primitives": "4.0.1",
          "System.Runtime": "4.1.0"
        }
      },
      "System.Reflection.Metadata": {
        "type": "Transitive",
        "resolved": "1.6.0",
        "contentHash": "COC1aiAJjCoA5GBF+QKL2uLqEBew4JsCkQmoHKbN3TlOZKa2fKLz5CpiRQKDz0RsAOEGsVKqOD5bomsXq/4STQ=="
      },
      "System.Reflection.Primitives": {
        "type": "Transitive",
        "resolved": "4.0.1",
        "contentHash": "4inTox4wTBaDhB7V3mPvp9XlCbeGYWVEM9/fXALd52vNEAVisc1BoVWQPuUuD0Ga//dNbA/WeMy9u9mzLxGTHQ==",
        "dependencies": {
          "Microsoft.NETCore.Platforms": "1.0.1",
          "Microsoft.NETCore.Targets": "1.0.1",
          "System.Runtime": "4.1.0"
        }
      },
      "System.Resources.Extensions": {
        "type": "Transitive",
        "resolved": "4.6.0",
        "contentHash": "6aVCk8oTFZNT3Tx1jjiPi6+aipiJ3qMZYttAREKTRJidP50YvNeOn4PXrqzfA5qC23fLReq2JYp+nJwzj62HGw=="
      },
      "System.Resources.ResourceManager": {
        "type": "Transitive",
        "resolved": "4.0.1",
        "contentHash": "TxwVeUNoTgUOdQ09gfTjvW411MF+w9MBYL7AtNVc+HtBCFlutPLhUCdZjNkjbhj3bNQWMdHboF0KIWEOjJssbA==",
        "dependencies": {
          "Microsoft.NETCore.Platforms": "1.0.1",
          "Microsoft.NETCore.Targets": "1.0.1",
          "System.Globalization": "4.0.11",
          "System.Reflection": "4.1.0",
          "System.Runtime": "4.1.0"
        }
      },
      "System.Runtime": {
        "type": "Transitive",
        "resolved": "4.1.0",
        "contentHash": "v6c/4Yaa9uWsq+JMhnOFewrYkgdNHNG2eMKuNqRn8P733rNXeRCGvV5FkkjBXn2dbVkPXOsO0xjsEeM1q2zC0g==",
        "dependencies": {
          "Microsoft.NETCore.Platforms": "1.0.1",
          "Microsoft.NETCore.Targets": "1.0.1"
        }
      },
      "System.Runtime.CompilerServices.Unsafe": {
        "type": "Transitive",
        "resolved": "5.0.0",
        "contentHash": "ZD9TMpsmYJLrxbbmdvhwt9YEgG5WntEnZ/d1eH8JBX9LBp+Ju8BSBhUGbZMNVHHomWo2KVImJhTDl2hIgw/6MA=="
      },
      "System.Runtime.Extensions": {
        "type": "Transitive",
        "resolved": "4.1.0",
        "contentHash": "CUOHjTT/vgP0qGW22U4/hDlOqXmcPq5YicBaXdUR2UiUoLwBT+olO6we4DVbq57jeX5uXH2uerVZhf0qGj+sVQ==",
        "dependencies": {
          "Microsoft.NETCore.Platforms": "1.0.1",
          "Microsoft.NETCore.Targets": "1.0.1",
          "System.Runtime": "4.1.0"
        }
      },
      "System.Runtime.Handles": {
        "type": "Transitive",
        "resolved": "4.0.1",
        "contentHash": "nCJvEKguXEvk2ymk1gqj625vVnlK3/xdGzx0vOKicQkoquaTBJTP13AIYkocSUwHCLNBwUbXTqTWGDxBTWpt7g==",
        "dependencies": {
          "Microsoft.NETCore.Platforms": "1.0.1",
          "Microsoft.NETCore.Targets": "1.0.1",
          "System.Runtime": "4.1.0"
        }
      },
      "System.Runtime.InteropServices": {
        "type": "Transitive",
        "resolved": "4.1.0",
        "contentHash": "16eu3kjHS633yYdkjwShDHZLRNMKVi/s0bY8ODiqJ2RfMhDMAwxZaUaWVnZ2P71kr/or+X9o/xFWtNqz8ivieQ==",
        "dependencies": {
          "Microsoft.NETCore.Platforms": "1.0.1",
          "Microsoft.NETCore.Targets": "1.0.1",
          "System.Reflection": "4.1.0",
          "System.Reflection.Primitives": "4.0.1",
          "System.Runtime": "4.1.0",
          "System.Runtime.Handles": "4.0.1"
        }
      },
      "System.Security.AccessControl": {
        "type": "Transitive",
        "resolved": "6.0.1",
        "contentHash": "IQ4NXP/B3Ayzvw0rDQzVTYsCKyy0Jp9KI6aYcK7UnGVlR9+Awz++TIPCQtPYfLJfOpm8ajowMR09V7quD3sEHw=="
      },
      "System.Security.Cryptography.Cng": {
        "type": "Transitive",
        "resolved": "4.7.0",
        "contentHash": "4WQjFuypWtxb/bl/YwEE7LYGn4fgpsikFfBU6xwEm4YBYiRAhXAEJ62lILBu2JJSFbClIAntFTGfDZafn8yZTg=="
      },
      "System.Security.Cryptography.Pkcs": {
        "type": "Transitive",
        "resolved": "4.7.0",
        "contentHash": "0Srzh6YlhjuMxaqMyeCCdZs22cucaUAG6SKDd3gNHBJmre0VZ71ekzWu9rvLD4YXPetyNdPvV6Qst+8C++9v3Q==",
        "dependencies": {
          "System.Security.Cryptography.Cng": "4.7.0"
        }
      },
      "System.Security.Cryptography.ProtectedData": {
        "type": "Transitive",
        "resolved": "4.7.0",
        "contentHash": "ehYW0m9ptxpGWvE4zgqongBVWpSDU/JCFD4K7krxkQwSz/sFQjEXCUqpvencjy6DYDbn7Ig09R8GFffu8TtneQ=="
      },
      "System.Security.Cryptography.Xml": {
        "type": "Transitive",
        "resolved": "4.7.0",
        "contentHash": "B6pAyxMvXGbZemb+ER877KSr6OKis+qAdxhhKKK36I6sgj2js8mbcEVviZEHYV8XRTWjbKsAq8Z/zoaegA30dA==",
        "dependencies": {
          "System.Security.Cryptography.Pkcs": "4.7.0",
          "System.Security.Permissions": "4.7.0"
        }
      },
      "System.Security.Permissions": {
        "type": "Transitive",
        "resolved": "4.7.0",
        "contentHash": "dkOV6YYVBnYRa15/yv004eCGRBVADXw8qRbbNiCn/XpdJSUXkkUeIvdvFHkvnko4CdKMqG8yRHC4ox83LSlMsQ==",
        "dependencies": {
          "System.Security.AccessControl": "4.7.0",
          "System.Windows.Extensions": "4.7.0"
        }
      },
      "System.Security.Principal.Windows": {
        "type": "Transitive",
        "resolved": "5.0.0",
        "contentHash": "t0MGLukB5WAVU9bO3MGzvlGnyJPgUlcwerXn1kzBRjwLKixT96XV0Uza41W49gVd8zEMFu9vQEFlv0IOrytICA=="
      },
      "System.Text.Encoding": {
        "type": "Transitive",
        "resolved": "4.0.11",
        "contentHash": "U3gGeMlDZXxCEiY4DwVLSacg+DFWCvoiX+JThA/rvw37Sqrku7sEFeVBBBMBnfB6FeZHsyDx85HlKL19x0HtZA==",
        "dependencies": {
          "Microsoft.NETCore.Platforms": "1.0.1",
          "Microsoft.NETCore.Targets": "1.0.1",
          "System.Runtime": "4.1.0"
        }
      },
      "System.Text.Encoding.CodePages": {
        "type": "Transitive",
        "resolved": "4.0.1",
        "contentHash": "h4z6rrA/hxWf4655D18IIZ0eaLRa3tQC/j+e26W+VinIHY0l07iEXaAvO0YSYq3MvCjMYy8Zs5AdC1sxNQOB7Q==",
        "dependencies": {
          "Microsoft.NETCore.Platforms": "1.0.1",
          "System.Collections": "4.0.11",
          "System.Globalization": "4.0.11",
          "System.IO": "4.1.0",
          "System.Reflection": "4.1.0",
          "System.Resources.ResourceManager": "4.0.1",
          "System.Runtime": "4.1.0",
          "System.Runtime.Extensions": "4.1.0",
          "System.Runtime.Handles": "4.0.1",
          "System.Runtime.InteropServices": "4.1.0",
          "System.Text.Encoding": "4.0.11",
          "System.Threading": "4.0.11"
        }
      },
      "System.Threading": {
        "type": "Transitive",
        "resolved": "4.0.11",
        "contentHash": "N+3xqIcg3VDKyjwwCGaZ9HawG9aC6cSDI+s7ROma310GQo8vilFZa86hqKppwTHleR/G0sfOzhvgnUxWCR/DrQ==",
        "dependencies": {
          "System.Runtime": "4.1.0",
          "System.Threading.Tasks": "4.0.11"
        }
      },
      "System.Threading.Tasks": {
        "type": "Transitive",
        "resolved": "4.0.11",
        "contentHash": "k1S4Gc6IGwtHGT8188RSeGaX86Qw/wnrgNLshJvsdNUOPP9etMmo8S07c+UlOAx4K/xLuN9ivA1bD0LVurtIxQ==",
        "dependencies": {
          "Microsoft.NETCore.Platforms": "1.0.1",
          "Microsoft.NETCore.Targets": "1.0.1",
          "System.Runtime": "4.1.0"
        }
      },
      "System.Threading.Tasks.Dataflow": {
        "type": "Transitive",
        "resolved": "4.9.0",
        "contentHash": "dTS+3D/GtG2/Pvc3E5YzVvAa7aQJgLDlZDIzukMOJjYudVOQOUXEU68y6Zi3Nn/jqIeB5kOCwrGbQFAKHVzXEQ=="
      },
      "System.Windows.Extensions": {
        "type": "Transitive",
        "resolved": "4.7.0",
        "contentHash": "CeWTdRNfRaSh0pm2gDTJFwVaXfTq6Xwv/sA887iwPTneW7oMtMlpvDIO+U60+3GWTB7Aom6oQwv5VZVUhQRdPQ==",
        "dependencies": {
          "System.Drawing.Common": "4.7.0"
        }
      },
      "xunit.abstractions": {
        "type": "Transitive",
        "resolved": "2.0.3",
        "contentHash": "pot1I4YOxlWjIb5jmwvvQNbTrZ3lJQ+jUGkGjWE3hEFM0l5gOnBWS+H3qsex68s5cO52g+44vpGzhAt+42vwKg=="
      },
      "xunit.v3.common": {
        "type": "Project",
        "dependencies": {
          "Microsoft.Bcl.AsyncInterfaces": "[6.0.0, 6.0.0]"
        }
      },
      "xunit.v3.runner.common": {
        "type": "Project",
        "dependencies": {
          "Microsoft.TestPlatform.Filter.Source": "[18.9.0, )",
          "Microsoft.Win32.Registry": "[5.0.0, )",
          "System.Security.AccessControl": "[6.0.1, )",
          "xunit.v3.common": "[1.0.0, )"
        }
      },
      "xunit.v3.runner.utility": {
        "type": "Project",
        "dependencies": {
          "xunit.abstractions": "[2.0.3, )",
          "xunit.v3.runner.common": "[1.0.0, )"
        }
      }
    }
  }
}