
Microsoft Visual Studio Solution File, Format Version 12.00
# Visual Studio 2012
Project("{FAE04EC0-301F-11D3-BF4B-00C04F79EFBC}") = "Stack", "Stack\Stack.csproj", "{E435A244-244A-45C3-B190-A05128219E4A}"
EndProject
Project("{FAE04EC0-301F-11D3-BF4B-00C04F79EFBC}") = "AssertExamples", "AssertExamples\AssertExamples.csproj", "{0435F191-D593-4DF3-8CED-A5721F0BB30D}"
EndProject
Project("{FAE04EC0-301F-11D3-BF4B-00C04F79EFBC}") = "TracingExample", "TracingExample\TracingExample.csproj", "{6D17B94D-4FE1-4C31-ADFC-4F6A5BD8CA70}"
EndProject
Project("{FAE04EC0-301F-11D3-BF4B-00C04F79EFBC}") = "TraitExtensibility", "TraitExtensibility\TraitExtensibility.csproj", "{EF2D8F8C-2855-4D6D-A3FF-62FF6C9BE855}"
EndProject
Project("{FAE04EC0-301F-11D3-BF4B-00C04F79EFBC}") = "SpecificationExamples", "SpecificationExamples\SpecificationExamples.csproj", "{91AACDDE-2958-445F-A6CD-7695CD9CDF61}"
EndProject
Project("{FAE04EC0-301F-11D3-BF4B-00C04F79EFBC}") = "AssertExtensions", "AssertExtensions\AssertExtensions.csproj", "{532166A3-1043-4167-9E7C-2A02AE2BB2C0}"
EndProject
Project("{FAE04EC0-301F-11D3-BF4B-00C04F79EFBC}") = "AssumeIdentity", "AssumeIdentity\AssumeIdentity.csproj", "{0EC0B748-428D-4B1C-9790-CFBDD346ECE8}"
EndProject
Project("{FAE04EC0-301F-11D3-BF4B-00C04F79EFBC}") = "UseCulture", "UseCulture\UseCulture.csproj", "{BB3439D2-FD99-49CE-BFEB-15E599B1784B}"
EndProject
Project("{FAE04EC0-301F-11D3-BF4B-00C04F79EFBC}") = "ExcelDataExample", "ExcelDataExample\ExcelDataExample.csproj", "{DF0A1993-3112-4FE7-A6A0-B6DBEA017448}"
EndProject
Project("{FAE04EC0-301F-11D3-BF4B-00C04F79EFBC}") = "CollectionFixtureExample", "CollectionFixtureExample\CollectionFixtureExample.csproj", "{5C2E77A8-EAD1-4508-BE0D-C3ED03311A7F}"
EndProject
Project("{FAE04EC0-301F-11D3-BF4B-00C04F79EFBC}") = "ClassFixtureExample", "ClassFixtureExample\ClassFixtureExample.csproj", "{CE72BD12-249B-4561-83B5-FCA7287D8700}"
EndProject
Project("{FAE04EC0-301F-11D3-BF4B-00C04F79EFBC}") = "TestOrderExamples", "TestOrderExamples\TestOrderExamples.csproj", "{AF83CCA8-3DD0-4E64-991E-B8F0141B9322}"
EndProject
Project("{2150E333-8FDC-42A3-9474-1A3956D46DE8}") = ".nuget", ".nuget", "{62F6AAED-169F-46A7-B93B-578B3E0E743B}"
	ProjectSection(SolutionItems) = preProject
		.nuget\NuGet.Config = .nuget\NuGet.Config
		.nuget\NuGet.exe = .nuget\NuGet.exe
		.nuget\NuGet.targets = .nuget\NuGet.targets
	EndProjectSection
EndProject
Global
	GlobalSection(SolutionConfigurationPlatforms) = preSolution
		Debug|Any CPU = Debug|Any CPU
		Release|Any CPU = Release|Any CPU
	EndGlobalSection
	GlobalSection(ProjectConfigurationPlatforms) = postSolution
		{E435A244-244A-45C3-B190-A05128219E4A}.Debug|Any CPU.ActiveCfg = Debug|Any CPU
		{E435A244-244A-45C3-B190-A05128219E4A}.Debug|Any CPU.Build.0 = Debug|Any CPU
		{E435A244-244A-45C3-B190-A05128219E4A}.Release|Any CPU.ActiveCfg = Release|Any CPU
		{E435A244-244A-45C3-B190-A05128219E4A}.Release|Any CPU.Build.0 = Release|Any CPU
		{0435F191-D593-4DF3-8CED-A5721F0BB30D}.Debug|Any CPU.ActiveCfg = Debug|Any CPU
		{0435F191-D593-4DF3-8CED-A5721F0BB30D}.Debug|Any CPU.Build.0 = Debug|Any CPU
		{0435F191-D593-4DF3-8CED-A5721F0BB30D}.Release|Any CPU.ActiveCfg = Release|Any CPU
		{0435F191-D593-4DF3-8CED-A5721F0BB30D}.Release|Any CPU.Build.0 = Release|Any CPU
		{6D17B94D-4FE1-4C31-ADFC-4F6A5BD8CA70}.Debug|Any CPU.ActiveCfg = Debug|Any CPU
		{6D17B94D-4FE1-4C31-ADFC-4F6A5BD8CA70}.Release|Any CPU.ActiveCfg = Release|Any CPU
		{6D17B94D-4FE1-4C31-ADFC-4F6A5BD8CA70}.Release|Any CPU.Build.0 = Release|Any CPU
		{EF2D8F8C-2855-4D6D-A3FF-62FF6C9BE855}.Debug|Any CPU.ActiveCfg = Debug|Any CPU
		{EF2D8F8C-2855-4D6D-A3FF-62FF6C9BE855}.Debug|Any CPU.Build.0 = Debug|Any CPU
		{EF2D8F8C-2855-4D6D-A3FF-62FF6C9BE855}.Release|Any CPU.ActiveCfg = Release|Any CPU
		{EF2D8F8C-2855-4D6D-A3FF-62FF6C9BE855}.Release|Any CPU.Build.0 = Release|Any CPU
		{91AACDDE-2958-445F-A6CD-7695CD9CDF61}.Debug|Any CPU.ActiveCfg = Debug|Any CPU
		{91AACDDE-2958-445F-A6CD-7695CD9CDF61}.Release|Any CPU.ActiveCfg = Release|Any CPU
		{91AACDDE-2958-445F-A6CD-7695CD9CDF61}.Release|Any CPU.Build.0 = Release|Any CPU
		{532166A3-1043-4167-9E7C-2A02AE2BB2C0}.Debug|Any CPU.ActiveCfg = Debug|Any CPU
		{532166A3-1043-4167-9E7C-2A02AE2BB2C0}.Debug|Any CPU.Build.0 = Debug|Any CPU
		{532166A3-1043-4167-9E7C-2A02AE2BB2C0}.Release|Any CPU.ActiveCfg = Release|Any CPU
		{532166A3-1043-4167-9E7C-2A02AE2BB2C0}.Release|Any CPU.Build.0 = Release|Any CPU
		{0EC0B748-428D-4B1C-9790-CFBDD346ECE8}.Debug|Any CPU.ActiveCfg = Debug|Any CPU
		{0EC0B748-428D-4B1C-9790-CFBDD346ECE8}.Debug|Any CPU.Build.0 = Debug|Any CPU
		{0EC0B748-428D-4B1C-9790-CFBDD346ECE8}.Release|Any CPU.ActiveCfg = Release|Any CPU
		{0EC0B748-428D-4B1C-9790-CFBDD346ECE8}.Release|Any CPU.Build.0 = Release|Any CPU
		{BB3439D2-FD99-49CE-BFEB-15E599B1784B}.Debug|Any CPU.ActiveCfg = Debug|Any CPU
		{BB3439D2-FD99-49CE-BFEB-15E599B1784B}.Debug|Any CPU.Build.0 = Debug|Any CPU
		{BB3439D2-FD99-49CE-BFEB-15E599B1784B}.Release|Any CPU.ActiveCfg = Release|Any CPU
		{BB3439D2-FD99-49CE-BFEB-15E599B1784B}.Release|Any CPU.Build.0 = Release|Any CPU
		{DF0A1993-3112-4FE7-A6A0-B6DBEA017448}.Debug|Any CPU.ActiveCfg = Debug|Any CPU
		{DF0A1993-3112-4FE7-A6A0-B6DBEA017448}.Debug|Any CPU.Build.0 = Debug|Any CPU
		{DF0A1993-3112-4FE7-A6A0-B6DBEA017448}.Release|Any CPU.ActiveCfg = Release|Any CPU
		{DF0A1993-3112-4FE7-A6A0-B6DBEA017448}.Release|Any CPU.Build.0 = Release|Any CPU
		{5C2E77A8-EAD1-4508-BE0D-C3ED03311A7F}.Debug|Any CPU.ActiveCfg = Debug|Any CPU
		{5C2E77A8-EAD1-4508-BE0D-C3ED03311A7F}.Debug|Any CPU.Build.0 = Debug|Any CPU
		{5C2E77A8-EAD1-4508-BE0D-C3ED03311A7F}.Release|Any CPU.ActiveCfg = Release|Any CPU
		{5C2E77A8-EAD1-4508-BE0D-C3ED03311A7F}.Release|Any CPU.Build.0 = Release|Any CPU
		{CE72BD12-249B-4561-83B5-FCA7287D8700}.Debug|Any CPU.ActiveCfg = Debug|Any CPU
		{CE72BD12-249B-4561-83B5-FCA7287D8700}.Debug|Any CPU.Build.0 = Debug|Any CPU
		{CE72BD12-249B-4561-83B5-FCA7287D8700}.Release|Any CPU.ActiveCfg = Release|Any CPU
		{CE72BD12-249B-4561-83B5-FCA7287D8700}.Release|Any CPU.Build.0 = Release|Any CPU
		{AF83CCA8-3DD0-4E64-991E-B8F0141B9322}.Debug|Any CPU.ActiveCfg = Debug|Any CPU
		{AF83CCA8-3DD0-4E64-991E-B8F0141B9322}.Debug|Any CPU.Build.0 = Debug|Any CPU
		{AF83CCA8-3DD0-4E64-991E-B8F0141B9322}.Release|Any CPU.ActiveCfg = Release|Any CPU
		{AF83CCA8-3DD0-4E64-991E-B8F0141B9322}.Release|Any CPU.Build.0 = Release|Any CPU
	EndGlobalSection
	GlobalSection(SolutionProperties) = preSolution
		HideSolutionNode = FALSE
	EndGlobalSection
EndGlobal
