
Microsoft Visual Studio Solution File, Format Version 12.00
# Visual Studio 2012
Project("{FAE04EC0-301F-11D3-BF4B-00C04F79EFBC}") = "Stack", "Stack\Stack.csproj", "{E435A244-244A-45C3-B190-A05128219E4A}"
EndProject
Project("{FAE04EC0-301F-11D3-BF4B-00C04F79EFBC}") = "AssertExamples", "AssertExamples\AssertExamples.csproj", "{0435F191-D593-4DF3-8CED-A5721F0BB30D}"
EndProject
Project("{FAE04EC0-301F-11D3-BF4B-00C04F79EFBC}") = "TracingExample", "TracingExample\TracingExample.csproj", "{6D17B94D-4FE1-4C31-ADFC-4F6A5BD8CA70}"
EndProject
Project("{FAE04EC0-301F-11D3-BF4B-00C04F79EFBC}") = "TraitExtensibility", "TraitExtensibility\TraitExtensibility.csproj", "{EF2D8F8C-2855-4D6D-A3FF-62FF6C9BE855}"
EndProject
Project("{FAE04EC0-301F-11D3-BF4B-00C04F79EFBC}") = "FixtureExample", "FixtureExample\FixtureExample.csproj", "{CE72BD12-249B-4561-83B5-FCA7287D8700}"
EndProject
Project("{FAE04EC0-301F-11D3-BF4B-00C04F79EFBC}") = "SpecificationExamples", "SpecificationExamples\SpecificationExamples.csproj", "{91AACDDE-2958-445F-A6CD-7695CD9CDF61}"
EndProject
Project("{FAE04EC0-301F-11D3-BF4B-00C04F79EFBC}") = "AssertExtensions", "AssertExtensions\AssertExtensions.csproj", "{532166A3-1043-4167-9E7C-2A02AE2BB2C0}"
EndProject
Project("{FAE04EC0-301F-11D3-BF4B-00C04F79EFBC}") = "PrioritizedFixtureExample", "PrioritizedFixtureExample\PrioritizedFixtureExample.csproj", "{AF83CCA8-3DD0-4E64-991E-B8F0141B9322}"
EndProject
Project("{FAE04EC0-301F-11D3-BF4B-00C04F79EFBC}") = "FactExtensibility.cs", "FactExtensibility.cs\FactExtensibility.cs.csproj", "{553E048A-8FA0-42DD-A131-C796215EC99C}"
EndProject
Global
	GlobalSection(SolutionConfigurationPlatforms) = preSolution
		Debug|Any CPU = Debug|Any CPU
		Release|Any CPU = Release|Any CPU
	EndGlobalSection
	GlobalSection(ProjectConfigurationPlatforms) = postSolution
		{E435A244-244A-45C3-B190-A05128219E4A}.Debug|Any CPU.ActiveCfg = Debug|Any CPU
		{E435A244-244A-45C3-B190-A05128219E4A}.Debug|Any CPU.Build.0 = Debug|Any CPU
		{E435A244-244A-45C3-B190-A05128219E4A}.Release|Any CPU.ActiveCfg = Release|Any CPU
		{E435A244-244A-45C3-B190-A05128219E4A}.Release|Any CPU.Build.0 = Release|Any CPU
		{0435F191-D593-4DF3-8CED-A5721F0BB30D}.Debug|Any CPU.ActiveCfg = Debug|Any CPU
		{0435F191-D593-4DF3-8CED-A5721F0BB30D}.Debug|Any CPU.Build.0 = Debug|Any CPU
		{0435F191-D593-4DF3-8CED-A5721F0BB30D}.Release|Any CPU.ActiveCfg = Release|Any CPU
		{0435F191-D593-4DF3-8CED-A5721F0BB30D}.Release|Any CPU.Build.0 = Release|Any CPU
		{6D17B94D-4FE1-4C31-ADFC-4F6A5BD8CA70}.Debug|Any CPU.ActiveCfg = Debug|Any CPU
		{6D17B94D-4FE1-4C31-ADFC-4F6A5BD8CA70}.Release|Any CPU.ActiveCfg = Release|Any CPU
		{6D17B94D-4FE1-4C31-ADFC-4F6A5BD8CA70}.Release|Any CPU.Build.0 = Release|Any CPU
		{EF2D8F8C-2855-4D6D-A3FF-62FF6C9BE855}.Debug|Any CPU.ActiveCfg = Debug|Any CPU
		{EF2D8F8C-2855-4D6D-A3FF-62FF6C9BE855}.Release|Any CPU.ActiveCfg = Release|Any CPU
		{EF2D8F8C-2855-4D6D-A3FF-62FF6C9BE855}.Release|Any CPU.Build.0 = Release|Any CPU
		{CE72BD12-249B-4561-83B5-FCA7287D8700}.Debug|Any CPU.ActiveCfg = Debug|Any CPU
		{CE72BD12-249B-4561-83B5-FCA7287D8700}.Release|Any CPU.ActiveCfg = Release|Any CPU
		{CE72BD12-249B-4561-83B5-FCA7287D8700}.Release|Any CPU.Build.0 = Release|Any CPU
		{91AACDDE-2958-445F-A6CD-7695CD9CDF61}.Debug|Any CPU.ActiveCfg = Debug|Any CPU
		{91AACDDE-2958-445F-A6CD-7695CD9CDF61}.Release|Any CPU.ActiveCfg = Release|Any CPU
		{91AACDDE-2958-445F-A6CD-7695CD9CDF61}.Release|Any CPU.Build.0 = Release|Any CPU
		{532166A3-1043-4167-9E7C-2A02AE2BB2C0}.Debug|Any CPU.ActiveCfg = Debug|Any CPU
		{532166A3-1043-4167-9E7C-2A02AE2BB2C0}.Debug|Any CPU.Build.0 = Debug|Any CPU
		{532166A3-1043-4167-9E7C-2A02AE2BB2C0}.Release|Any CPU.ActiveCfg = Release|Any CPU
		{532166A3-1043-4167-9E7C-2A02AE2BB2C0}.Release|Any CPU.Build.0 = Release|Any CPU
		{AF83CCA8-3DD0-4E64-991E-B8F0141B9322}.Debug|Any CPU.ActiveCfg = Debug|Any CPU
		{AF83CCA8-3DD0-4E64-991E-B8F0141B9322}.Release|Any CPU.ActiveCfg = Release|Any CPU
		{AF83CCA8-3DD0-4E64-991E-B8F0141B9322}.Release|Any CPU.Build.0 = Release|Any CPU
		{553E048A-8FA0-42DD-A131-C796215EC99C}.Debug|Any CPU.ActiveCfg = Debug|Any CPU
		{553E048A-8FA0-42DD-A131-C796215EC99C}.Release|Any CPU.ActiveCfg = Release|Any CPU
		{553E048A-8FA0-42DD-A131-C796215EC99C}.Release|Any CPU.Build.0 = Release|Any CPU
	EndGlobalSection
	GlobalSection(SolutionProperties) = preSolution
		HideSolutionNode = FALSE
	EndGlobalSection
EndGlobal
