{
  "version": 1,
  "dependencies": {
    "net9.0": {
      "Microsoft.DotNet.ILCompiler": {
        "type": "Direct",
        "requested": "[9.0.20, )",
        "resolved": "9.0.20",
        "contentHash": "p1T44gqUSFGVaRpVSoCgIA3DbWPo2qmlj9lBGMWgI4xK6qJsoi8y5TMjLZ6n6tasWIH9use2yQZ48uX3DbwjQA=="
      },
      "Microsoft.NET.ILLink.Tasks": {
        "type": "Direct",
        "requested": "[9.0.20, )",
        "resolved": "9.0.20",
        "contentHash": "oPFydtjCgow3DXnL8z5gPbq3R1zGvBpcypgRhW172Hn8asJcI8oy7isudAnAAALIWyK+uRWCDP+/+om3s0PZHA=="
      },
      "Microsoft.Testing.Platform.MSBuild": {
        "type": "Direct",
        "requested": "[2.5.1, 3.0.0)",
        "resolved": "2.5.1",
        "contentHash": "lYawcAwY+h76rQmpma2n0HaL8zkOFbbKapso0Eb+uOAUQn7333pIByLftEuiO67csAoZufHNMwi6PqhNemWQXA==",
        "dependencies": {
          "Microsoft.Testing.Platform": "[2.5.1, 3.0.0)"
        }
      },
      "Nerdbank.GitVersioning": {
        "type": "Direct",
        "requested": "[3.10.94, )",
        "resolved": "3.10.94",
        "contentHash": "sn6gFIx6bwFj3Me0XGmek3gLZi/MZC8C4tRLwslXGeBcXcVxvFpZyDrQA93G8TiYgxTS7J7triKB7hj5wXzSxA=="
      },
      "System.Collections.Immutable": {
        "type": "Direct",
        "requested": "[6.0.0, 6.0.0]",
        "resolved": "6.0.0",
        "contentHash": "l4zZJ1WU2hqpQQHXz1rvC3etVZN+2DLmQMO79FhOTZHMn8tDRr+WU287sbomD0BETlmKDn0ygUgVy9k5xkkJdA==",
        "dependencies": {
          "System.Runtime.CompilerServices.Unsafe": "6.0.0"
        }
      },
      "System.Memory": {
        "type": "Direct",
        "requested": "[4.5.5, 4.5.5]",
        "resolved": "4.5.5",
        "contentHash": "XIWiDvKPXaTveaB7HVganDlOCRoj03l+jrwNvcge/t8vhGYKvqV+dMv6G4SAX2NoNmN0wZfVPTAlFwZcZvVOUw=="
      },
      "xunit.analyzers": {
        "type": "Direct",
        "requested": "[2.1.0, )",
        "resolved": "2.1.0",
        "contentHash": "X7QXEcZQGz0G/HL4HUyK+aAvNa/IMGbOCnFIq4jD/Evktq12xANKwzOUr7b08vCmC1LXu/47qHWOdjm3KfaJ0A=="
      },
      "Microsoft.ApplicationInsights": {
        "type": "Transitive",
        "resolved": "2.23.0",
        "contentHash": "nWArUZTdU7iqZLycLKWe0TDms48KKGE6pONH2terYNa8REXiqixrMOkf1sk5DHGMaUTqONU2YkS4SAXBhLStgw==",
        "dependencies": {
          "System.Diagnostics.DiagnosticSource": "5.0.0"
        }
      },
      "Microsoft.Testing.Extensions.Telemetry": {
        "type": "Transitive",
        "resolved": "2.5.1",
        "contentHash": "mu2iyoHovwl0q1mGeeRU0h8+LALXC7HqbxniLa1shTKYdJGl+KPoCEgjWIQ8MLzk1tlTGPOfg1JsxdH3RxhMCA==",
        "dependencies": {
          "Microsoft.ApplicationInsights": "2.23.0",
          "Microsoft.Testing.Platform": "[2.5.1, 3.0.0)"
        }
      },
      "Microsoft.Testing.Extensions.TrxReport.Abstractions": {
        "type": "Transitive",
        "resolved": "2.5.1",
        "contentHash": "DYTZAguaHz0wNJdHDTTGYOXtnlDoLoIbTMDKSApNNcytm55DJcnwpwELfQGLk5DB5QlgaEjNhnGo1Pu5QvL5VA==",
        "dependencies": {
          "Microsoft.Testing.Platform": "[2.5.1, 3.0.0)"
        }
      },
      "Microsoft.Testing.Platform": {
        "type": "Transitive",
        "resolved": "2.5.1",
        "contentHash": "FAMaFFWnULW+hDHMb40Qzhcgz9cAU2/EtgRCBNX/DdQoKo0sPG2EiY+w7bQdl/BgHnf/DbpXLbf5Xy0o15M8NA=="
      },
      "Microsoft.TestPlatform.Filter.Source": {
        "type": "Transitive",
        "resolved": "18.10.1",
        "contentHash": "v9CvtBsnaTGa1HOKg4ZjIqy4ptNnyEexvp2nOUSRWFeY1oxDd+0oQ3sm6gaILPZp2WSdxT/HdoKxFMq9Y1HiJg=="
      },
      "System.Diagnostics.DiagnosticSource": {
        "type": "Transitive",
        "resolved": "5.0.0",
        "contentHash": "tCQTzPsGZh/A9LhhA6zrqCRV4hOHsK90/G7q3Khxmn6tnB1PuNU0cRaKANP2AWcF9bn0zsuOoZOSrHuJk6oNBA=="
      },
      "System.Runtime.CompilerServices.Unsafe": {
        "type": "Transitive",
        "resolved": "6.0.0",
        "contentHash": "/iUeP3tq1S0XdNNoMz5C9twLSrM/TH+qElHkXWaPvuNOt+99G75NrV0OS2EqHx5wMN7popYjpc8oTjC1y16DLg=="
      },
      "xunit.v3.assert.aot": {
        "type": "Project"
      },
      "xunit.v3.common.aot": {
        "type": "Project"
      },
      "xunit.v3.core.aot": {
        "type": "Project",
        "dependencies": {
          "xunit.v3.common.aot": "[1.0.0, )"
        }
      },
      "xunit.v3.mtp-v2.aot": {
        "type": "Project",
        "dependencies": {
          "Microsoft.Testing.Extensions.Telemetry": "[2.5.1, 3.0.0)",
          "Microsoft.Testing.Extensions.TrxReport.Abstractions": "[2.5.1, 3.0.0)",
          "Microsoft.Testing.Platform": "[2.5.1, 3.0.0)",
          "xunit.v3.runner.inproc.console.aot": "[1.0.0, )"
        }
      },
      "xunit.v3.runner.common.aot": {
        "type": "Project",
        "dependencies": {
          "Microsoft.TestPlatform.Filter.Source": "[18.10.1, )",
          "xunit.v3.common.aot": "[1.0.0, )"
        }
      },
      "xunit.v3.runner.inproc.console.aot": {
        "type": "Project",
        "dependencies": {
          "xunit.v3.core.aot": "[1.0.0, )",
          "xunit.v3.runner.common.aot": "[1.0.0, )"
        }
      }
    },
    "net9.0/linux-arm64": {
      "Microsoft.DotNet.ILCompiler": {
        "type": "Direct",
        "requested": "[9.0.20, )",
        "resolved": "9.0.20",
        "contentHash": "p1T44gqUSFGVaRpVSoCgIA3DbWPo2qmlj9lBGMWgI4xK6qJsoi8y5TMjLZ6n6tasWIH9use2yQZ48uX3DbwjQA==",
        "dependencies": {
          "runtime.linux-arm64.Microsoft.DotNet.ILCompiler": "9.0.20"
        }
      },
      "runtime.linux-arm64.Microsoft.DotNet.ILCompiler": {
        "type": "Transitive",
        "resolved": "9.0.20",
        "contentHash": "ckVrosaoAYCKRC54ltfw6Oxa6kXHxMGnuqygoDxER2Bujs+l1MHf3MeSaX9z6cfe/17X5hFEUGWU7IjxyPQknA=="
      }
    },
    "net9.0/linux-x64": {
      "Microsoft.DotNet.ILCompiler": {
        "type": "Direct",
        "requested": "[9.0.20, )",
        "resolved": "9.0.20",
        "contentHash": "p1T44gqUSFGVaRpVSoCgIA3DbWPo2qmlj9lBGMWgI4xK6qJsoi8y5TMjLZ6n6tasWIH9use2yQZ48uX3DbwjQA==",
        "dependencies": {
          "runtime.linux-x64.Microsoft.DotNet.ILCompiler": "9.0.20"
        }
      },
      "runtime.linux-x64.Microsoft.DotNet.ILCompiler": {
        "type": "Transitive",
        "resolved": "9.0.20",
        "contentHash": "TeCej+Tn+STqYe/CW35UZaFyWG0jpQfJDiRVLFRC0cuc2MUvfWuTBb6G+3fuoTDNoG0CTpLv43UVlwtNvLVo2A=="
      }
    },
    "net9.0/osx-arm64": {
      "Microsoft.DotNet.ILCompiler": {
        "type": "Direct",
        "requested": "[9.0.20, )",
        "resolved": "9.0.20",
        "contentHash": "p1T44gqUSFGVaRpVSoCgIA3DbWPo2qmlj9lBGMWgI4xK6qJsoi8y5TMjLZ6n6tasWIH9use2yQZ48uX3DbwjQA==",
        "dependencies": {
          "runtime.osx-arm64.Microsoft.DotNet.ILCompiler": "9.0.20"
        }
      },
      "runtime.osx-arm64.Microsoft.DotNet.ILCompiler": {
        "type": "Transitive",
        "resolved": "9.0.20",
        "contentHash": "JyMe8mS1gly262GCHv+YOOXgCV0RVGbvH0mWcpl7XVFgCQm1BR9mHm7SyzxObT6zcfOYpkQzZ1sFiXM18H9wkw=="
      }
    },
    "net9.0/osx-x64": {
      "Microsoft.DotNet.ILCompiler": {
        "type": "Direct",
        "requested": "[9.0.20, )",
        "resolved": "9.0.20",
        "contentHash": "p1T44gqUSFGVaRpVSoCgIA3DbWPo2qmlj9lBGMWgI4xK6qJsoi8y5TMjLZ6n6tasWIH9use2yQZ48uX3DbwjQA==",
        "dependencies": {
          "runtime.osx-x64.Microsoft.DotNet.ILCompiler": "9.0.20"
        }
      },
      "runtime.osx-x64.Microsoft.DotNet.ILCompiler": {
        "type": "Transitive",
        "resolved": "9.0.20",
        "contentHash": "JjgqQoKKdvqIEGDnHunJeXeMulYGrHkR3tKQ5wrto5p3kj3+gPqDB65hVuVZZxZD/yYZznb2AEHHc8yMpX7S/Q=="
      }
    },
    "net9.0/win-arm64": {
      "Microsoft.DotNet.ILCompiler": {
        "type": "Direct",
        "requested": "[9.0.20, )",
        "resolved": "9.0.20",
        "contentHash": "p1T44gqUSFGVaRpVSoCgIA3DbWPo2qmlj9lBGMWgI4xK6qJsoi8y5TMjLZ6n6tasWIH9use2yQZ48uX3DbwjQA==",
        "dependencies": {
          "runtime.win-arm64.Microsoft.DotNet.ILCompiler": "9.0.20"
        }
      },
      "runtime.win-arm64.Microsoft.DotNet.ILCompiler": {
        "type": "Transitive",
        "resolved": "9.0.20",
        "contentHash": "Qytz5fDRHNwnOZjNQGUpiATT2GPmt9/BltIOP8XH4m6tZKaeY1B+LqV1PMbMB7exKZBB84W14hfwJFLzKBtydA=="
      }
    },
    "net9.0/win-x64": {
      "Microsoft.DotNet.ILCompiler": {
        "type": "Direct",
        "requested": "[9.0.20, )",
        "resolved": "9.0.20",
        "contentHash": "p1T44gqUSFGVaRpVSoCgIA3DbWPo2qmlj9lBGMWgI4xK6qJsoi8y5TMjLZ6n6tasWIH9use2yQZ48uX3DbwjQA==",
        "dependencies": {
          "runtime.win-x64.Microsoft.DotNet.ILCompiler": "9.0.20"
        }
      },
      "runtime.win-x64.Microsoft.DotNet.ILCompiler": {
        "type": "Transitive",
        "resolved": "9.0.20",
        "contentHash": "l7qpj1TGtTAbUMKD2qANobsV0QwMkalDB8iobQJz3UbU0aHScyNkrld4QBWupDbyd5yssmft3gt14Vew21pMkw=="
      }
    },
    "net9.0/win-x86": {
      "Microsoft.DotNet.ILCompiler": {
        "type": "Direct",
        "requested": "[9.0.20, )",
        "resolved": "9.0.20",
        "contentHash": "p1T44gqUSFGVaRpVSoCgIA3DbWPo2qmlj9lBGMWgI4xK6qJsoi8y5TMjLZ6n6tasWIH9use2yQZ48uX3DbwjQA==",
        "dependencies": {
          "runtime.win-x86.Microsoft.DotNet.ILCompiler": "9.0.20"
        }
      },
      "runtime.win-x86.Microsoft.DotNet.ILCompiler": {
        "type": "Transitive",
        "resolved": "9.0.20",
        "contentHash": "pFb+oELmLMDWZa6bDOpZLC1ntlapIatGBcs30zUYMNcsUBVaFBn1HkF7hx34yl5rsi0SuONsfaPxTwc/Ovz91A=="
      }
    }
  }
}