{
  "version": 1,
  "dependencies": {
    "net10.0": {
      "Microsoft.DotNet.ILCompiler": {
        "type": "Direct",
        "requested": "[10.0.11, )",
        "resolved": "10.0.11",
        "contentHash": "yloFUsIQOzspIsn2cDHrbgikKaWHAZspzj0EWxnWJJpFC89IBW64OXgCECsrrnzGWQvy1iLX9r5/R4zBf7Am3g=="
      },
      "Microsoft.NET.ILLink.Tasks": {
        "type": "Direct",
        "requested": "[10.0.11, )",
        "resolved": "10.0.11",
        "contentHash": "IBf7lbovvjGWVWXZX5cJ/cO0WXbId0Zq4BuSeT94mGZuOAP66oMeH9PTBZ9Jpp3Jb6jtK0qm/NyUbPRo1gC/wQ=="
      },
      "Microsoft.Testing.Platform.MSBuild": {
        "type": "Direct",
        "requested": "[2.3.3, 3.0.0)",
        "resolved": "2.3.3",
        "contentHash": "iVAvNbZ5JPDZSrTcIrCDoCsAkzjDxwDEt2mDuMd8ng1P6e2P2NCd0g0BsoBVG+nJLSmK//V+yeEvjCa3E2fxHw==",
        "dependencies": {
          "Microsoft.Testing.Platform": "2.3.3"
        }
      },
      "Nerdbank.GitVersioning": {
        "type": "Direct",
        "requested": "[3.10.91, )",
        "resolved": "3.10.91",
        "contentHash": "9MtEXm/um2lQAEoek1EkF4CXNH4JuXxv2jV3Ew2XlzP0LXxFaFiECS7ji8zf1ZaMnPGYbbom+Nm6y4ADc5HNHQ=="
      },
      "xunit.analyzers": {
        "type": "Direct",
        "requested": "[2.0.0, )",
        "resolved": "2.0.0",
        "contentHash": "2UtauxWDa9C6bT7MvFfZkNoFulfflb00jnDU2xeVO9Y58l4Ah2Mv/HiMs4b0zdpK/SfAxpajkgKNMN8zBKa+7Q=="
      },
      "Microsoft.ApplicationInsights": {
        "type": "Transitive",
        "resolved": "2.23.0",
        "contentHash": "nWArUZTdU7iqZLycLKWe0TDms48KKGE6pONH2terYNa8REXiqixrMOkf1sk5DHGMaUTqONU2YkS4SAXBhLStgw=="
      },
      "Microsoft.Testing.Extensions.Telemetry": {
        "type": "Transitive",
        "resolved": "2.3.3",
        "contentHash": "nY8ceQyPWB9TRE1WE5Oe/sks2e10SxgPv61vBHsFYpgCeDtNwhpMZwmL29GklO3/etTdOsLdrCmNr4zJWaR2fg==",
        "dependencies": {
          "Microsoft.ApplicationInsights": "2.23.0",
          "Microsoft.Testing.Platform": "2.3.3"
        }
      },
      "Microsoft.Testing.Extensions.TrxReport.Abstractions": {
        "type": "Transitive",
        "resolved": "2.3.3",
        "contentHash": "dceVNxnfTEjKnrIreLcMfkgrzzBY8kgCCJX5NAv7Lq/6vPlTP4VB5zxKeuYy0yfCoBtWuPkLjUG6qtOBMfpypA==",
        "dependencies": {
          "Microsoft.Testing.Platform": "2.3.3"
        }
      },
      "Microsoft.Testing.Platform": {
        "type": "Transitive",
        "resolved": "2.3.3",
        "contentHash": "ENbH4BQh9riXtOKc25KKITfiGGWhWMBJA7pZuNaF9zxzzSaVkp5AMeZxGQ6sXYaR6xb724NLz985Is6XIYqLSg=="
      },
      "Microsoft.TestPlatform.Filter.Source": {
        "type": "Transitive",
        "resolved": "18.9.0",
        "contentHash": "DaGtqluOHTC41gD0oJ7FRN+F85AalD7wuPjRwKc7urEJyC9jaoR5p/qy8CPG+cYT5st5JkfTlv1+Y6H6FCfLUw=="
      },
      "xunit.v3.assert.aot": {
        "type": "Project"
      },
      "xunit.v3.common.aot": {
        "type": "Project"
      },
      "xunit.v3.core.aot": {
        "type": "Project",
        "dependencies": {
          "xunit.v3.common.aot": "[1.0.0, )"
        }
      },
      "xunit.v3.mtp-v2.aot": {
        "type": "Project",
        "dependencies": {
          "Microsoft.Testing.Extensions.Telemetry": "[2.3.3, 3.0.0)",
          "Microsoft.Testing.Extensions.TrxReport.Abstractions": "[2.3.3, 3.0.0)",
          "Microsoft.Testing.Platform": "[2.3.3, 3.0.0)",
          "xunit.v3.runner.inproc.console.aot": "[1.0.0, )"
        }
      },
      "xunit.v3.runner.common.aot": {
        "type": "Project",
        "dependencies": {
          "Microsoft.TestPlatform.Filter.Source": "[18.9.0, )",
          "xunit.v3.common.aot": "[1.0.0, )"
        }
      },
      "xunit.v3.runner.console.aot": {
        "type": "Project",
        "dependencies": {
          "xunit.v3.runner.utility.aot": "[1.0.0, )"
        }
      },
      "xunit.v3.runner.inproc.console.aot": {
        "type": "Project",
        "dependencies": {
          "xunit.v3.core.aot": "[1.0.0, )",
          "xunit.v3.runner.common.aot": "[1.0.0, )"
        }
      },
      "xunit.v3.runner.utility.aot": {
        "type": "Project",
        "dependencies": {
          "xunit.v3.runner.common.aot": "[1.0.0, )"
        }
      }
    },
    "net10.0/win-x64": {
      "Microsoft.DotNet.ILCompiler": {
        "type": "Direct",
        "requested": "[10.0.11, )",
        "resolved": "10.0.11",
        "contentHash": "yloFUsIQOzspIsn2cDHrbgikKaWHAZspzj0EWxnWJJpFC89IBW64OXgCECsrrnzGWQvy1iLX9r5/R4zBf7Am3g==",
        "dependencies": {
          "runtime.win-x64.Microsoft.DotNet.ILCompiler": "10.0.11"
        }
      },
      "runtime.win-x64.Microsoft.DotNet.ILCompiler": {
        "type": "Transitive",
        "resolved": "10.0.11",
        "contentHash": "D6ZKMo3NeTnos7l5S8bMmiPm4LK+y15Q/uduyPw7FX+xKbeWVWdwlcZGkLLPjLvW4ZO6o3ACanq5HsSXJgrt0g=="
      }
    }
  }
}